
Microsoft Visual Studio Solution File, Format Version 12.00
# Visual Studio Version 16
VisualStudioVersion = 16.0.29102.190
MinimumVisualStudioVersion = 10.0.40219.1
Project("{8BC9CEB8-8B4A-11D0-8D11-00A0C91BC942}") = "fileid", "fileid\fileid.vcxproj", "{535EE90E-4021-45DE-A76E-4D93FA564CA0}"
	ProjectSection(ProjectDependencies) = postProject
		{7EAD1358-3E72-4FB6-A212-25D462B5C1E9} = {7EAD1358-3E72-4FB6-A212-25D462B5C1E9}
		{DBBF348D-C221-4F2E-8A0D-24EFA0D98E71} = {DBBF348D-C221-4F2E-8A0D-24EFA0D98E71}
		{BAEB16B3-DB4C-432F-9E6A-2ACADEA0691D} = {BAEB16B3-DB4C-432F-9E6A-2ACADEA0691D}
	EndProjectSection
EndProject
Project("{8BC9CEB8-8B4A-11D0-8D11-00A0C91BC942}") = "test", "test\test.vcxproj", "{A1585E1D-F218-4F9F-94A9-5D3EBCDC31ED}"
	ProjectSection(ProjectDependencies) = postProject
		{535EE90E-4021-45DE-A76E-4D93FA564CA0} = {535EE90E-4021-45DE-A76E-4D93FA564CA0}
		{7EAD1358-3E72-4FB6-A212-25D462B5C1E9} = {7EAD1358-3E72-4FB6-A212-25D462B5C1E9}
		{DBBF348D-C221-4F2E-8A0D-24EFA0D98E71} = {DBBF348D-C221-4F2E-8A0D-24EFA0D98E71}
		{BAEB16B3-DB4C-432F-9E6A-2ACADEA0691D} = {BAEB16B3-DB4C-432F-9E6A-2ACADEA0691D}
	EndProjectSection
EndProject
Project("{2150E333-8FDC-42A3-9474-1A3956D46DE8}") = "Solution Items", "Solution Items", "{5BC60D97-3AEB-44E2-AC9C-1A11451A3546}"
	ProjectSection(SolutionItems) = preProject
		.gitattributes = .gitattributes
		.gitignore = .gitignore
		.gitmodules = .gitmodules
		build.cmd = build.cmd
		build.sh = build.sh
		LICENSE = LICENSE
		makefile = makefile
		README.md = README.md
	EndProjectSection
EndProject
Project("{8BC9CEB8-8B4A-11D0-8D11-00A0C91BC942}") = "ZipLib", "ziplib\Source\ZipLib\ZipLib.vcxproj", "{5C9FD859-DDF9-4510-8397-B329B0AE8C48}"
EndProject
Project("{2150E333-8FDC-42A3-9474-1A3956D46DE8}") = "External", "External", "{218B0154-89FC-49FD-9959-EDF15F8E867C}"
EndProject
Project("{8BC9CEB8-8B4A-11D0-8D11-00A0C91BC942}") = "bzip2", "ziplib\Source\ZipLib\extlibs\bzip2\bzip2.vcxproj", "{DBBF348D-C221-4F2E-8A0D-24EFA0D98E71}"
EndProject
Project("{8BC9CEB8-8B4A-11D0-8D11-00A0C91BC942}") = "lzma", "ziplib\Source\ZipLib\extlibs\lzma\lzma.vcxproj", "{7EAD1358-3E72-4FB6-A212-25D462B5C1E9}"
EndProject
Project("{8BC9CEB8-8B4A-11D0-8D11-00A0C91BC942}") = "zlib", "ziplib\Source\ZipLib\extlibs\zlib\zlib.vcxproj", "{BAEB16B3-DB4C-432F-9E6A-2ACADEA0691D}"
EndProject
Global
	GlobalSection(SolutionConfigurationPlatforms) = preSolution
		Debug|x64 = Debug|x64
		Debug|x86 = Debug|x86
		Release|x64 = Release|x64
		Release|x86 = Release|x86
	EndGlobalSection
	GlobalSection(ProjectConfigurationPlatforms) = postSolution
		{535EE90E-4021-45DE-A76E-4D93FA564CA0}.Debug|x64.ActiveCfg = Debug|x64
		{535EE90E-4021-45DE-A76E-4D93FA564CA0}.Debug|x64.Build.0 = Debug|x64
		{535EE90E-4021-45DE-A76E-4D93FA564CA0}.Debug|x86.ActiveCfg = Debug|Win32
		{535EE90E-4021-45DE-A76E-4D93FA564CA0}.Debug|x86.Build.0 = Debug|Win32
		{535EE90E-4021-45DE-A76E-4D93FA564CA0}.Release|x64.ActiveCfg = Release|x64
		{535EE90E-4021-45DE-A76E-4D93FA564CA0}.Release|x64.Build.0 = Release|x64
		{535EE90E-4021-45DE-A76E-4D93FA564CA0}.Release|x86.ActiveCfg = Release|Win32
		{535EE90E-4021-45DE-A76E-4D93FA564CA0}.Release|x86.Build.0 = Release|Win32
		{A1585E1D-F218-4F9F-94A9-5D3EBCDC31ED}.Debug|x64.ActiveCfg = Debug|x64
		{A1585E1D-F218-4F9F-94A9-5D3EBCDC31ED}.Debug|x64.Build.0 = Debug|x64
		{A1585E1D-F218-4F9F-94A9-5D3EBCDC31ED}.Debug|x86.ActiveCfg = Debug|Win32
		{A1585E1D-F218-4F9F-94A9-5D3EBCDC31ED}.Debug|x86.Build.0 = Debug|Win32
		{A1585E1D-F218-4F9F-94A9-5D3EBCDC31ED}.Release|x64.ActiveCfg = Release|x64
		{A1585E1D-F218-4F9F-94A9-5D3EBCDC31ED}.Release|x64.Build.0 = Release|x64
		{A1585E1D-F218-4F9F-94A9-5D3EBCDC31ED}.Release|x86.ActiveCfg = Release|Win32
		{A1585E1D-F218-4F9F-94A9-5D3EBCDC31ED}.Release|x86.Build.0 = Release|Win32
		{5C9FD859-DDF9-4510-8397-B329B0AE8C48}.Debug|x64.ActiveCfg = Debug|x64
		{5C9FD859-DDF9-4510-8397-B329B0AE8C48}.Debug|x64.Build.0 = Debug|x64
		{5C9FD859-DDF9-4510-8397-B329B0AE8C48}.Debug|x86.ActiveCfg = Debug|Win32
		{5C9FD859-DDF9-4510-8397-B329B0AE8C48}.Debug|x86.Build.0 = Debug|Win32
		{5C9FD859-DDF9-4510-8397-B329B0AE8C48}.Release|x64.ActiveCfg = Release|x64
		{5C9FD859-DDF9-4510-8397-B329B0AE8C48}.Release|x64.Build.0 = Release|x64
		{5C9FD859-DDF9-4510-8397-B329B0AE8C48}.Release|x86.ActiveCfg = Release|Win32
		{5C9FD859-DDF9-4510-8397-B329B0AE8C48}.Release|x86.Build.0 = Release|Win32
		{DBBF348D-C221-4F2E-8A0D-24EFA0D98E71}.Debug|x64.ActiveCfg = Debug|x64
		{DBBF348D-C221-4F2E-8A0D-24EFA0D98E71}.Debug|x64.Build.0 = Debug|x64
		{DBBF348D-C221-4F2E-8A0D-24EFA0D98E71}.Debug|x86.ActiveCfg = Debug|Win32
		{DBBF348D-C221-4F2E-8A0D-24EFA0D98E71}.Debug|x86.Build.0 = Debug|Win32
		{DBBF348D-C221-4F2E-8A0D-24EFA0D98E71}.Release|x64.ActiveCfg = Release|x64
		{DBBF348D-C221-4F2E-8A0D-24EFA0D98E71}.Release|x64.Build.0 = Release|x64
		{DBBF348D-C221-4F2E-8A0D-24EFA0D98E71}.Release|x86.ActiveCfg = Release|Win32
		{DBBF348D-C221-4F2E-8A0D-24EFA0D98E71}.Release|x86.Build.0 = Release|Win32
		{7EAD1358-3E72-4FB6-A212-25D462B5C1E9}.Debug|x64.ActiveCfg = Debug|x64
		{7EAD1358-3E72-4FB6-A212-25D462B5C1E9}.Debug|x64.Build.0 = Debug|x64
		{7EAD1358-3E72-4FB6-A212-25D462B5C1E9}.Debug|x86.ActiveCfg = Debug|Win32
		{7EAD1358-3E72-4FB6-A212-25D462B5C1E9}.Debug|x86.Build.0 = Debug|Win32
		{7EAD1358-3E72-4FB6-A212-25D462B5C1E9}.Release|x64.ActiveCfg = Release|x64
		{7EAD1358-3E72-4FB6-A212-25D462B5C1E9}.Release|x64.Build.0 = Release|x64
		{7EAD1358-3E72-4FB6-A212-25D462B5C1E9}.Release|x86.ActiveCfg = Release|Win32
		{7EAD1358-3E72-4FB6-A212-25D462B5C1E9}.Release|x86.Build.0 = Release|Win32
		{BAEB16B3-DB4C-432F-9E6A-2ACADEA0691D}.Debug|x64.ActiveCfg = Debug|x64
		{BAEB16B3-DB4C-432F-9E6A-2ACADEA0691D}.Debug|x64.Build.0 = Debug|x64
		{BAEB16B3-DB4C-432F-9E6A-2ACADEA0691D}.Debug|x86.ActiveCfg = Debug|Win32
		{BAEB16B3-DB4C-432F-9E6A-2ACADEA0691D}.Debug|x86.Build.0 = Debug|Win32
		{BAEB16B3-DB4C-432F-9E6A-2ACADEA0691D}.Release|x64.ActiveCfg = Release|x64
		{BAEB16B3-DB4C-432F-9E6A-2ACADEA0691D}.Release|x64.Build.0 = Release|x64
		{BAEB16B3-DB4C-432F-9E6A-2ACADEA0691D}.Release|x86.ActiveCfg = Release|Win32
		{BAEB16B3-DB4C-432F-9E6A-2ACADEA0691D}.Release|x86.Build.0 = Release|Win32
	EndGlobalSection
	GlobalSection(SolutionProperties) = preSolution
		HideSolutionNode = FALSE
	EndGlobalSection
	GlobalSection(NestedProjects) = preSolution
		{5C9FD859-DDF9-4510-8397-B329B0AE8C48} = {218B0154-89FC-49FD-9959-EDF15F8E867C}
		{DBBF348D-C221-4F2E-8A0D-24EFA0D98E71} = {218B0154-89FC-49FD-9959-EDF15F8E867C}
		{7EAD1358-3E72-4FB6-A212-25D462B5C1E9} = {218B0154-89FC-49FD-9959-EDF15F8E867C}
		{BAEB16B3-DB4C-432F-9E6A-2ACADEA0691D} = {218B0154-89FC-49FD-9959-EDF15F8E867C}
	EndGlobalSection
	GlobalSection(ExtensibilityGlobals) = postSolution
		SolutionGuid = {1B5BE0C9-F489-4031-B88F-3C3A8D0BDF85}
	EndGlobalSection
EndGlobal
