<?xml version="1.0" encoding="utf-8"?>
<Project ToolsVersion="4.0" xmlns="http://schemas.microsoft.com/developer/msbuild/2003">
  <ItemGroup>
    <Filter Include="oless">
      <UniqueIdentifier>{a83af924-5f63-4310-868c-1ffeae2021e2}</UniqueIdentifier>
    </Filter>
    <Filter Include="exe">
      <UniqueIdentifier>{40d19bb7-551e-4b43-8a4a-64714606191a}</UniqueIdentifier>
    </Filter>
    <Filter Include="mp4">
      <UniqueIdentifier>{5526c9a3-a519-463b-b27e-e5cf0ba9994b}</UniqueIdentifier>
    </Filter>
    <Filter Include="oless\excel">
      <UniqueIdentifier>{267b42d6-ca52-4914-b047-ef77f7f82b36}</UniqueIdentifier>
    </Filter>
    <Filter Include="oless\excel\records">
      <UniqueIdentifier>{72908687-035e-4c4c-b922-c5e3eb445065}</UniqueIdentifier>
    </Filter>
    <Filter Include="zip">
      <UniqueIdentifier>{d3a9e242-c4ad-49f5-b41b-c3d0ffa6e08d}</UniqueIdentifier>
    </Filter>
  </ItemGroup>
  <ItemGroup>
    <ClCompile Include="oless\pole.cpp">
      <Filter>oless</Filter>
    </ClCompile>
    <ClCompile Include="fileid.cpp" />
  </ItemGroup>
  <ItemGroup>
    <ClInclude Include="exe\Exec.hpp">
      <Filter>exe</Filter>
    </ClInclude>
    <ClInclude Include="mp4\mp4.hpp">
      <Filter>mp4</Filter>
    </ClInclude>
    <ClInclude Include="oless\excel\ExcelExtensionInfo.hpp">
      <Filter>oless\excel</Filter>
    </ClInclude>
    <ClInclude Include="oless\excel\MSExcel.common.hpp">
      <Filter>oless\excel</Filter>
    </ClInclude>
    <ClInclude Include="oless\excel\MSExcel.formulas.hpp">
      <Filter>oless\excel</Filter>
    </ClInclude>
    <ClInclude Include="oless\excel\MSExcel.ptg.hpp">
      <Filter>oless\excel</Filter>
    </ClInclude>
    <ClInclude Include="oless\excel\MSExcel.Rev.hpp">
      <Filter>oless\excel</Filter>
    </ClInclude>
    <ClInclude Include="oless\excel\MSExcel.Rgce.hpp">
      <Filter>oless\excel</Filter>
    </ClInclude>
    <ClInclude Include="oless\excel\MSExcel.SerAr.hpp">
      <Filter>oless\excel</Filter>
    </ClInclude>
    <ClInclude Include="oless\excel\MSExcel.strings.hpp">
      <Filter>oless\excel</Filter>
    </ClInclude>
    <ClInclude Include="oless\excel\records\AlRunsRecord.hpp">
      <Filter>oless\excel\records</Filter>
    </ClInclude>
    <ClInclude Include="oless\excel\records\AreaFormatRecord.hpp">
      <Filter>oless\excel\records</Filter>
    </ClInclude>
    <ClInclude Include="oless\excel\records\AreaRecord.hpp">
      <Filter>oless\excel\records</Filter>
    </ClInclude>
    <ClInclude Include="oless\excel\records\ArrayRecord.hpp">
      <Filter>oless\excel\records</Filter>
    </ClInclude>
    <ClInclude Include="oless\excel\records\AttachedLabelRecord.hpp">
      <Filter>oless\excel\records</Filter>
    </ClInclude>
    <ClInclude Include="oless\excel\records\AutoFilter12Record.hpp">
      <Filter>oless\excel\records</Filter>
    </ClInclude>
    <ClInclude Include="oless\excel\records\AutoFilterInfoRecord.hpp">
      <Filter>oless\excel\records</Filter>
    </ClInclude>
    <ClInclude Include="oless\excel\records\AutoFilterRecord.hpp">
      <Filter>oless\excel\records</Filter>
    </ClInclude>
    <ClInclude Include="oless\excel\records\AxcExtRecord.hpp">
      <Filter>oless\excel\records</Filter>
    </ClInclude>
    <ClInclude Include="oless\excel\records\AxesUsedRecord.hpp">
      <Filter>oless\excel\records</Filter>
    </ClInclude>
    <ClInclude Include="oless\excel\records\AxisLineRecord.hpp">
      <Filter>oless\excel\records</Filter>
    </ClInclude>
    <ClInclude Include="oless\excel\records\AxisParentRecord.hpp">
      <Filter>oless\excel\records</Filter>
    </ClInclude>
    <ClInclude Include="oless\excel\records\AxisRecord.hpp">
      <Filter>oless\excel\records</Filter>
    </ClInclude>
    <ClInclude Include="oless\excel\records\BackupRecord.hpp">
      <Filter>oless\excel\records</Filter>
    </ClInclude>
    <ClInclude Include="oless\excel\records\BarRecord.hpp">
      <Filter>oless\excel\records</Filter>
    </ClInclude>
    <ClInclude Include="oless\excel\records\BCUsrsRecord.hpp">
      <Filter>oless\excel\records</Filter>
    </ClInclude>
    <ClInclude Include="oless\excel\records\BeginRecord.hpp">
      <Filter>oless\excel\records</Filter>
    </ClInclude>
    <ClInclude Include="oless\excel\records\BigNameRecord.hpp">
      <Filter>oless\excel\records</Filter>
    </ClInclude>
    <ClInclude Include="oless\excel\records\BkHimRecord.hpp">
      <Filter>oless\excel\records</Filter>
    </ClInclude>
    <ClInclude Include="oless\excel\records\BlankRecord.hpp">
      <Filter>oless\excel\records</Filter>
    </ClInclude>
    <ClInclude Include="oless\excel\records\BOFRecord.hpp">
      <Filter>oless\excel\records</Filter>
    </ClInclude>
    <ClInclude Include="oless\excel\records\BookBoolRecord.hpp">
      <Filter>oless\excel\records</Filter>
    </ClInclude>
    <ClInclude Include="oless\excel\records\BookExtRecord.hpp">
      <Filter>oless\excel\records</Filter>
    </ClInclude>
    <ClInclude Include="oless\excel\records\BoolErrRecord.hpp">
      <Filter>oless\excel\records</Filter>
    </ClInclude>
    <ClInclude Include="oless\excel\records\BopPopCustomRecord.hpp">
      <Filter>oless\excel\records</Filter>
    </ClInclude>
    <ClInclude Include="oless\excel\records\BopPopRecord.hpp">
      <Filter>oless\excel\records</Filter>
    </ClInclude>
    <ClInclude Include="oless\excel\records\BottomMarginRecord.hpp">
      <Filter>oless\excel\records</Filter>
    </ClInclude>
    <ClInclude Include="oless\excel\records\BoundSheet8Record.hpp">
      <Filter>oless\excel\records</Filter>
    </ClInclude>
    <ClInclude Include="oless\excel\records\BRAIRecord.hpp">
      <Filter>oless\excel\records</Filter>
    </ClInclude>
    <ClInclude Include="oless\excel\records\BuiltInFnGroupCountRecord.hpp">
      <Filter>oless\excel\records</Filter>
    </ClInclude>
    <ClInclude Include="oless\excel\records\CalcCountRecord.hpp">
      <Filter>oless\excel\records</Filter>
    </ClInclude>
    <ClInclude Include="oless\excel\records\CalcDeltaRecord.hpp">
      <Filter>oless\excel\records</Filter>
    </ClInclude>
    <ClInclude Include="oless\excel\records\CalcIterRecord.hpp">
      <Filter>oless\excel\records</Filter>
    </ClInclude>
    <ClInclude Include="oless\excel\records\CalcModeRecord.hpp">
      <Filter>oless\excel\records</Filter>
    </ClInclude>
    <ClInclude Include="oless\excel\records\CalcPrecisionRecord.hpp">
      <Filter>oless\excel\records</Filter>
    </ClInclude>
    <ClInclude Include="oless\excel\records\CalcRefModeRecord.hpp">
      <Filter>oless\excel\records</Filter>
    </ClInclude>
    <ClInclude Include="oless\excel\records\CalcSaveRecalcRecord.hpp">
      <Filter>oless\excel\records</Filter>
    </ClInclude>
    <ClInclude Include="oless\excel\records\CatLabRecord.hpp">
      <Filter>oless\excel\records</Filter>
    </ClInclude>
    <ClInclude Include="oless\excel\records\CatSerRangeRecord.hpp">
      <Filter>oless\excel\records</Filter>
    </ClInclude>
    <ClInclude Include="oless\excel\records\CbUsrRecord.hpp">
      <Filter>oless\excel\records</Filter>
    </ClInclude>
    <ClInclude Include="oless\excel\records\CellWatchRecord.hpp">
      <Filter>oless\excel\records</Filter>
    </ClInclude>
    <ClInclude Include="oless\excel\records\CF12Record.hpp">
      <Filter>oless\excel\records</Filter>
    </ClInclude>
    <ClInclude Include="oless\excel\records\CFExRecord.hpp">
      <Filter>oless\excel\records</Filter>
    </ClInclude>
    <ClInclude Include="oless\excel\records\CFRecord.hpp">
      <Filter>oless\excel\records</Filter>
    </ClInclude>
    <ClInclude Include="oless\excel\records\Chart3DBarShapeRecord.hpp">
      <Filter>oless\excel\records</Filter>
    </ClInclude>
    <ClInclude Include="oless\excel\records\Chart3dRecord.hpp">
      <Filter>oless\excel\records</Filter>
    </ClInclude>
    <ClInclude Include="oless\excel\records\ChartFormatRecord.hpp">
      <Filter>oless\excel\records</Filter>
    </ClInclude>
    <ClInclude Include="oless\excel\records\ChartFrtInfoRecord.hpp">
      <Filter>oless\excel\records</Filter>
    </ClInclude>
    <ClInclude Include="oless\excel\records\ChartRecord.hpp">
      <Filter>oless\excel\records</Filter>
    </ClInclude>
    <ClInclude Include="oless\excel\records\ClrtClientRecord.hpp">
      <Filter>oless\excel\records</Filter>
    </ClInclude>
    <ClInclude Include="oless\excel\records\CodeNameRecord.hpp">
      <Filter>oless\excel\records</Filter>
    </ClInclude>
    <ClInclude Include="oless\excel\records\CodePageRecord.hpp">
      <Filter>oless\excel\records</Filter>
    </ClInclude>
    <ClInclude Include="oless\excel\records\ColInfoRecord.hpp">
      <Filter>oless\excel\records</Filter>
    </ClInclude>
    <ClInclude Include="oless\excel\records\Compat12Record.hpp">
      <Filter>oless\excel\records</Filter>
    </ClInclude>
    <ClInclude Include="oless\excel\records\CompressPicturesRecord.hpp">
      <Filter>oless\excel\records</Filter>
    </ClInclude>
    <ClInclude Include="oless\excel\records\CondFmt12Record.hpp">
      <Filter>oless\excel\records</Filter>
    </ClInclude>
    <ClInclude Include="oless\excel\records\CondFmtRecord.hpp">
      <Filter>oless\excel\records</Filter>
    </ClInclude>
    <ClInclude Include="oless\excel\records\ContinueBigNameRecord.hpp">
      <Filter>oless\excel\records</Filter>
    </ClInclude>
    <ClInclude Include="oless\excel\records\ContinueFrt11Record.hpp">
      <Filter>oless\excel\records</Filter>
    </ClInclude>
    <ClInclude Include="oless\excel\records\ContinueFrt12Record.hpp">
      <Filter>oless\excel\records</Filter>
    </ClInclude>
    <ClInclude Include="oless\excel\records\ContinueFrtRecord.hpp">
      <Filter>oless\excel\records</Filter>
    </ClInclude>
    <ClInclude Include="oless\excel\records\ContinueRecord.hpp">
      <Filter>oless\excel\records</Filter>
    </ClInclude>
    <ClInclude Include="oless\excel\records\CountryRecord.hpp">
      <Filter>oless\excel\records</Filter>
    </ClInclude>
    <ClInclude Include="oless\excel\records\CrErrRecord.hpp">
      <Filter>oless\excel\records</Filter>
    </ClInclude>
    <ClInclude Include="oless\excel\records\CRNRecord.hpp">
      <Filter>oless\excel\records</Filter>
    </ClInclude>
    <ClInclude Include="oless\excel\records\CrtLayout12ARecord.hpp">
      <Filter>oless\excel\records</Filter>
    </ClInclude>
    <ClInclude Include="oless\excel\records\CrtLayout12Record.hpp">
      <Filter>oless\excel\records</Filter>
    </ClInclude>
    <ClInclude Include="oless\excel\records\CrtLineRecord.hpp">
      <Filter>oless\excel\records</Filter>
    </ClInclude>
    <ClInclude Include="oless\excel\records\CrtLinkRecord.hpp">
      <Filter>oless\excel\records</Filter>
    </ClInclude>
    <ClInclude Include="oless\excel\records\CrtMlFrtContinueRecord.hpp">
      <Filter>oless\excel\records</Filter>
    </ClInclude>
    <ClInclude Include="oless\excel\records\CrtMlFrtRecord.hpp">
      <Filter>oless\excel\records</Filter>
    </ClInclude>
    <ClInclude Include="oless\excel\records\CUsrRecord.hpp">
      <Filter>oless\excel\records</Filter>
    </ClInclude>
    <ClInclude Include="oless\excel\records\DataFormatRecord.hpp">
      <Filter>oless\excel\records</Filter>
    </ClInclude>
    <ClInclude Include="oless\excel\records\DataLabExtContentsRecord.hpp">
      <Filter>oless\excel\records</Filter>
    </ClInclude>
    <ClInclude Include="oless\excel\records\DataLabExtRecord.hpp">
      <Filter>oless\excel\records</Filter>
    </ClInclude>
    <ClInclude Include="oless\excel\records\Date1904Record.hpp">
      <Filter>oless\excel\records</Filter>
    </ClInclude>
    <ClInclude Include="oless\excel\records\DatRecord.hpp">
      <Filter>oless\excel\records</Filter>
    </ClInclude>
    <ClInclude Include="oless\excel\records\DBCellRecord.hpp">
      <Filter>oless\excel\records</Filter>
    </ClInclude>
    <ClInclude Include="oless\excel\records\DbOrParamQryRecord.hpp">
      <Filter>oless\excel\records</Filter>
    </ClInclude>
    <ClInclude Include="oless\excel\records\DBQueryExtRecord.hpp">
      <Filter>oless\excel\records</Filter>
    </ClInclude>
    <ClInclude Include="oless\excel\records\DconBinRecord.hpp">
      <Filter>oless\excel\records</Filter>
    </ClInclude>
    <ClInclude Include="oless\excel\records\DConNameRecord.hpp">
      <Filter>oless\excel\records</Filter>
    </ClInclude>
    <ClInclude Include="oless\excel\records\DConnRecord.hpp">
      <Filter>oless\excel\records</Filter>
    </ClInclude>
    <ClInclude Include="oless\excel\records\DConRecord.hpp">
      <Filter>oless\excel\records</Filter>
    </ClInclude>
    <ClInclude Include="oless\excel\records\DConRefRecord.hpp">
      <Filter>oless\excel\records</Filter>
    </ClInclude>
    <ClInclude Include="oless\excel\records\DefaultRowHeightRecord.hpp">
      <Filter>oless\excel\records</Filter>
    </ClInclude>
    <ClInclude Include="oless\excel\records\DefaultTextRecord.hpp">
      <Filter>oless\excel\records</Filter>
    </ClInclude>
    <ClInclude Include="oless\excel\records\DefColWidthRecord.hpp">
      <Filter>oless\excel\records</Filter>
    </ClInclude>
    <ClInclude Include="oless\excel\records\DimensionsRecord.hpp">
      <Filter>oless\excel\records</Filter>
    </ClInclude>
    <ClInclude Include="oless\excel\records\DocRouteRecord.hpp">
      <Filter>oless\excel\records</Filter>
    </ClInclude>
    <ClInclude Include="oless\excel\records\DropBarRecord.hpp">
      <Filter>oless\excel\records</Filter>
    </ClInclude>
    <ClInclude Include="oless\excel\records\DropDownObjIdsRecord.hpp">
      <Filter>oless\excel\records</Filter>
    </ClInclude>
    <ClInclude Include="oless\excel\records\DSFRecord.hpp">
      <Filter>oless\excel\records</Filter>
    </ClInclude>
    <ClInclude Include="oless\excel\records\DValRecord.hpp">
      <Filter>oless\excel\records</Filter>
    </ClInclude>
    <ClInclude Include="oless\excel\records\DvRecord.hpp">
      <Filter>oless\excel\records</Filter>
    </ClInclude>
    <ClInclude Include="oless\excel\records\DXFRecord.hpp">
      <Filter>oless\excel\records</Filter>
    </ClInclude>
    <ClInclude Include="oless\excel\records\DxGColRecord.hpp">
      <Filter>oless\excel\records</Filter>
    </ClInclude>
    <ClInclude Include="oless\excel\records\EndBlockRecord.hpp">
      <Filter>oless\excel\records</Filter>
    </ClInclude>
    <ClInclude Include="oless\excel\records\EndObjectRecord.hpp">
      <Filter>oless\excel\records</Filter>
    </ClInclude>
    <ClInclude Include="oless\excel\records\EndRecord.hpp">
      <Filter>oless\excel\records</Filter>
    </ClInclude>
    <ClInclude Include="oless\excel\records\EntExU2Record.hpp">
      <Filter>oless\excel\records</Filter>
    </ClInclude>
    <ClInclude Include="oless\excel\records\EOFRecord.hpp">
      <Filter>oless\excel\records</Filter>
    </ClInclude>
    <ClInclude Include="oless\excel\records\Excel9FileRecord.hpp">
      <Filter>oless\excel\records</Filter>
    </ClInclude>
    <ClInclude Include="oless\excel\records\ExternNameRecord.hpp">
      <Filter>oless\excel\records</Filter>
    </ClInclude>
    <ClInclude Include="oless\excel\records\ExternSheetRecord.hpp">
      <Filter>oless\excel\records</Filter>
    </ClInclude>
    <ClInclude Include="oless\excel\records\ExtSSTRecord.hpp">
      <Filter>oless\excel\records</Filter>
    </ClInclude>
    <ClInclude Include="oless\excel\records\ExtStringRecord.hpp">
      <Filter>oless\excel\records</Filter>
    </ClInclude>
    <ClInclude Include="oless\excel\records\Fbi2Record.hpp">
      <Filter>oless\excel\records</Filter>
    </ClInclude>
    <ClInclude Include="oless\excel\records\FbiRecord.hpp">
      <Filter>oless\excel\records</Filter>
    </ClInclude>
    <ClInclude Include="oless\excel\records\FeatHdr11Record.hpp">
      <Filter>oless\excel\records</Filter>
    </ClInclude>
    <ClInclude Include="oless\excel\records\FeatHdrRecord.hpp">
      <Filter>oless\excel\records</Filter>
    </ClInclude>
    <ClInclude Include="oless\excel\records\FeatRecord.hpp">
      <Filter>oless\excel\records</Filter>
    </ClInclude>
    <ClInclude Include="oless\excel\records\Feature11Record.hpp">
      <Filter>oless\excel\records</Filter>
    </ClInclude>
    <ClInclude Include="oless\excel\records\Feature12Record.hpp">
      <Filter>oless\excel\records</Filter>
    </ClInclude>
    <ClInclude Include="oless\excel\records\FileLockRecord.hpp">
      <Filter>oless\excel\records</Filter>
    </ClInclude>
    <ClInclude Include="oless\excel\records\FilePassRecord.hpp">
      <Filter>oless\excel\records</Filter>
    </ClInclude>
    <ClInclude Include="oless\excel\records\FileSharingRecord.hpp">
      <Filter>oless\excel\records</Filter>
    </ClInclude>
    <ClInclude Include="oless\excel\records\FilterModeRecord.hpp">
      <Filter>oless\excel\records</Filter>
    </ClInclude>
    <ClInclude Include="oless\excel\records\FnGroupNameRecord.hpp">
      <Filter>oless\excel\records</Filter>
    </ClInclude>
    <ClInclude Include="oless\excel\records\FnGrp12Record.hpp">
      <Filter>oless\excel\records</Filter>
    </ClInclude>
    <ClInclude Include="oless\excel\records\FontRecord.hpp">
      <Filter>oless\excel\records</Filter>
    </ClInclude>
    <ClInclude Include="oless\excel\records\FontXRecord.hpp">
      <Filter>oless\excel\records</Filter>
    </ClInclude>
    <ClInclude Include="oless\excel\records\FooterRecord.hpp">
      <Filter>oless\excel\records</Filter>
    </ClInclude>
    <ClInclude Include="oless\excel\records\ForceFullCalculationRecord.hpp">
      <Filter>oless\excel\records</Filter>
    </ClInclude>
    <ClInclude Include="oless\excel\records\FormatRecord.hpp">
      <Filter>oless\excel\records</Filter>
    </ClInclude>
    <ClInclude Include="oless\excel\records\FormulaRecord.hpp">
      <Filter>oless\excel\records</Filter>
    </ClInclude>
    <ClInclude Include="oless\excel\records\FrameRecord.hpp">
      <Filter>oless\excel\records</Filter>
    </ClInclude>
    <ClInclude Include="oless\excel\records\FrtFontListRecord.hpp">
      <Filter>oless\excel\records</Filter>
    </ClInclude>
    <ClInclude Include="oless\excel\records\FrtWrapperRecord.hpp">
      <Filter>oless\excel\records</Filter>
    </ClInclude>
    <ClInclude Include="oless\excel\records\GelFrameRecord.hpp">
      <Filter>oless\excel\records</Filter>
    </ClInclude>
    <ClInclude Include="oless\excel\records\GridSetRecord.hpp">
      <Filter>oless\excel\records</Filter>
    </ClInclude>
    <ClInclude Include="oless\excel\records\GUIDTypeLibRecord.hpp">
      <Filter>oless\excel\records</Filter>
    </ClInclude>
    <ClInclude Include="oless\excel\records\GutsRecord.hpp">
      <Filter>oless\excel\records</Filter>
    </ClInclude>
    <ClInclude Include="oless\excel\records\HCenterRecord.hpp">
      <Filter>oless\excel\records</Filter>
    </ClInclude>
    <ClInclude Include="oless\excel\records\HeaderFooterRecord.hpp">
      <Filter>oless\excel\records</Filter>
    </ClInclude>
    <ClInclude Include="oless\excel\records\HeaderRecord.hpp">
      <Filter>oless\excel\records</Filter>
    </ClInclude>
    <ClInclude Include="oless\excel\records\HFPictureRecord.hpp">
      <Filter>oless\excel\records</Filter>
    </ClInclude>
    <ClInclude Include="oless\excel\records\HideObjRecord.hpp">
      <Filter>oless\excel\records</Filter>
    </ClInclude>
    <ClInclude Include="oless\excel\records\HLinkRecord.hpp">
      <Filter>oless\excel\records</Filter>
    </ClInclude>
    <ClInclude Include="oless\excel\records\HLinkTooltipRecord.hpp">
      <Filter>oless\excel\records</Filter>
    </ClInclude>
    <ClInclude Include="oless\excel\records\HorizontalPageBreaksRecord.hpp">
      <Filter>oless\excel\records</Filter>
    </ClInclude>
    <ClInclude Include="oless\excel\records\IFmtRecordRecord.hpp">
      <Filter>oless\excel\records</Filter>
    </ClInclude>
    <ClInclude Include="oless\excel\records\IndexRecord.hpp">
      <Filter>oless\excel\records</Filter>
    </ClInclude>
    <ClInclude Include="oless\excel\records\InterfaceEndRecord.hpp">
      <Filter>oless\excel\records</Filter>
    </ClInclude>
    <ClInclude Include="oless\excel\records\InterfaceHdrRecord.hpp">
      <Filter>oless\excel\records</Filter>
    </ClInclude>
    <ClInclude Include="oless\excel\records\IntlRecord.hpp">
      <Filter>oless\excel\records</Filter>
    </ClInclude>
    <ClInclude Include="oless\excel\records\LabelRecord.hpp">
      <Filter>oless\excel\records</Filter>
    </ClInclude>
    <ClInclude Include="oless\excel\records\LabelSstRecord.hpp">
      <Filter>oless\excel\records</Filter>
    </ClInclude>
    <ClInclude Include="oless\excel\records\LblRecord.hpp">
      <Filter>oless\excel\records</Filter>
    </ClInclude>
    <ClInclude Include="oless\excel\records\LeftMarginRecord.hpp">
      <Filter>oless\excel\records</Filter>
    </ClInclude>
    <ClInclude Include="oless\excel\records\LegendExceptionRecord.hpp">
      <Filter>oless\excel\records</Filter>
    </ClInclude>
    <ClInclude Include="oless\excel\records\LegendRecord.hpp">
      <Filter>oless\excel\records</Filter>
    </ClInclude>
    <ClInclude Include="oless\excel\records\LelRecord.hpp">
      <Filter>oless\excel\records</Filter>
    </ClInclude>
    <ClInclude Include="oless\excel\records\LineFormatRecord.hpp">
      <Filter>oless\excel\records</Filter>
    </ClInclude>
    <ClInclude Include="oless\excel\records\LineRecord.hpp">
      <Filter>oless\excel\records</Filter>
    </ClInclude>
    <ClInclude Include="oless\excel\records\List12Record.hpp">
      <Filter>oless\excel\records</Filter>
    </ClInclude>
    <ClInclude Include="oless\excel\records\LPrRecord.hpp">
      <Filter>oless\excel\records</Filter>
    </ClInclude>
    <ClInclude Include="oless\excel\records\LRngRecord.hpp">
      <Filter>oless\excel\records</Filter>
    </ClInclude>
    <ClInclude Include="oless\excel\records\MarkerFormatRecord.hpp">
      <Filter>oless\excel\records</Filter>
    </ClInclude>
    <ClInclude Include="oless\excel\records\MDBRecord.hpp">
      <Filter>oless\excel\records</Filter>
    </ClInclude>
    <ClInclude Include="oless\excel\records\MDTInfoRecord.hpp">
      <Filter>oless\excel\records</Filter>
    </ClInclude>
    <ClInclude Include="oless\excel\records\MDXKPIRecord.hpp">
      <Filter>oless\excel\records</Filter>
    </ClInclude>
    <ClInclude Include="oless\excel\records\MDXPropRecord.hpp">
      <Filter>oless\excel\records</Filter>
    </ClInclude>
    <ClInclude Include="oless\excel\records\MDXSetRecord.hpp">
      <Filter>oless\excel\records</Filter>
    </ClInclude>
    <ClInclude Include="oless\excel\records\MDXStrRecord.hpp">
      <Filter>oless\excel\records</Filter>
    </ClInclude>
    <ClInclude Include="oless\excel\records\MDXTupleRecord.hpp">
      <Filter>oless\excel\records</Filter>
    </ClInclude>
    <ClInclude Include="oless\excel\records\MergeCellsRecord.hpp">
      <Filter>oless\excel\records</Filter>
    </ClInclude>
    <ClInclude Include="oless\excel\records\MmsRecord.hpp">
      <Filter>oless\excel\records</Filter>
    </ClInclude>
    <ClInclude Include="oless\excel\records\MsoDrawingGroupRecord.hpp">
      <Filter>oless\excel\records</Filter>
    </ClInclude>
    <ClInclude Include="oless\excel\records\MsoDrawingRecord.hpp">
      <Filter>oless\excel\records</Filter>
    </ClInclude>
    <ClInclude Include="oless\excel\records\MsoDrawingSelectionRecord.hpp">
      <Filter>oless\excel\records</Filter>
    </ClInclude>
    <ClInclude Include="oless\excel\records\MTRSettingsRecord.hpp">
      <Filter>oless\excel\records</Filter>
    </ClInclude>
    <ClInclude Include="oless\excel\records\MulBlankRecord.hpp">
      <Filter>oless\excel\records</Filter>
    </ClInclude>
    <ClInclude Include="oless\excel\records\MulRkRecord.hpp">
      <Filter>oless\excel\records</Filter>
    </ClInclude>
    <ClInclude Include="oless\excel\records\NameCmtRecord.hpp">
      <Filter>oless\excel\records</Filter>
    </ClInclude>
    <ClInclude Include="oless\excel\records\NameFnGrp12Record.hpp">
      <Filter>oless\excel\records</Filter>
    </ClInclude>
    <ClInclude Include="oless\excel\records\NamePublishRecord.hpp">
      <Filter>oless\excel\records</Filter>
    </ClInclude>
    <ClInclude Include="oless\excel\records\NoteRecord.hpp">
      <Filter>oless\excel\records</Filter>
    </ClInclude>
    <ClInclude Include="oless\excel\records\NumberRecord.hpp">
      <Filter>oless\excel\records</Filter>
    </ClInclude>
    <ClInclude Include="oless\excel\records\ObjectLinkRecord.hpp">
      <Filter>oless\excel\records</Filter>
    </ClInclude>
    <ClInclude Include="oless\excel\records\ObjProtectRecord.hpp">
      <Filter>oless\excel\records</Filter>
    </ClInclude>
    <ClInclude Include="oless\excel\records\ObjRecord.hpp">
      <Filter>oless\excel\records</Filter>
    </ClInclude>
    <ClInclude Include="oless\excel\records\ObNoMacrosRecord.hpp">
      <Filter>oless\excel\records</Filter>
    </ClInclude>
    <ClInclude Include="oless\excel\records\ObProjRecord.hpp">
      <Filter>oless\excel\records</Filter>
    </ClInclude>
    <ClInclude Include="oless\excel\records\OleDbConnRecord.hpp">
      <Filter>oless\excel\records</Filter>
    </ClInclude>
    <ClInclude Include="oless\excel\records\OleObjectSizeRecord.hpp">
      <Filter>oless\excel\records</Filter>
    </ClInclude>
    <ClInclude Include="oless\excel\records\PaletteRecord.hpp">
      <Filter>oless\excel\records</Filter>
    </ClInclude>
    <ClInclude Include="oless\excel\records\PaneRecord.hpp">
      <Filter>oless\excel\records</Filter>
    </ClInclude>
    <ClInclude Include="oless\excel\records\PasswordRecord.hpp">
      <Filter>oless\excel\records</Filter>
    </ClInclude>
    <ClInclude Include="oless\excel\records\PhoneticInfoRecord.hpp">
      <Filter>oless\excel\records</Filter>
    </ClInclude>
    <ClInclude Include="oless\excel\records\PicFRecord.hpp">
      <Filter>oless\excel\records</Filter>
    </ClInclude>
    <ClInclude Include="oless\excel\records\PieFormatRecord.hpp">
      <Filter>oless\excel\records</Filter>
    </ClInclude>
    <ClInclude Include="oless\excel\records\PieRecord.hpp">
      <Filter>oless\excel\records</Filter>
    </ClInclude>
    <ClInclude Include="oless\excel\records\PivotChartBitsRecord.hpp">
      <Filter>oless\excel\records</Filter>
    </ClInclude>
    <ClInclude Include="oless\excel\records\PlotAreaRecord.hpp">
      <Filter>oless\excel\records</Filter>
    </ClInclude>
    <ClInclude Include="oless\excel\records\PlotGrowthRecord.hpp">
      <Filter>oless\excel\records</Filter>
    </ClInclude>
    <ClInclude Include="oless\excel\records\PlsRecord.hpp">
      <Filter>oless\excel\records</Filter>
    </ClInclude>
    <ClInclude Include="oless\excel\records\PLVRecord.hpp">
      <Filter>oless\excel\records</Filter>
    </ClInclude>
    <ClInclude Include="oless\excel\records\PosRecord.hpp">
      <Filter>oless\excel\records</Filter>
    </ClInclude>
    <ClInclude Include="oless\excel\records\PrintGridRecord.hpp">
      <Filter>oless\excel\records</Filter>
    </ClInclude>
    <ClInclude Include="oless\excel\records\PrintRowColRecord.hpp">
      <Filter>oless\excel\records</Filter>
    </ClInclude>
    <ClInclude Include="oless\excel\records\PrintSizeRecord.hpp">
      <Filter>oless\excel\records</Filter>
    </ClInclude>
    <ClInclude Include="oless\excel\records\Prot4RevPassRecord.hpp">
      <Filter>oless\excel\records</Filter>
    </ClInclude>
    <ClInclude Include="oless\excel\records\Prot4RevRecord.hpp">
      <Filter>oless\excel\records</Filter>
    </ClInclude>
    <ClInclude Include="oless\excel\records\ProtectRecord.hpp">
      <Filter>oless\excel\records</Filter>
    </ClInclude>
    <ClInclude Include="oless\excel\records\QsifRecord.hpp">
      <Filter>oless\excel\records</Filter>
    </ClInclude>
    <ClInclude Include="oless\excel\records\QsiRecord.hpp">
      <Filter>oless\excel\records</Filter>
    </ClInclude>
    <ClInclude Include="oless\excel\records\QsirRecord.hpp">
      <Filter>oless\excel\records</Filter>
    </ClInclude>
    <ClInclude Include="oless\excel\records\QsiSXTagRecord.hpp">
      <Filter>oless\excel\records</Filter>
    </ClInclude>
    <ClInclude Include="oless\excel\records\RadarAreaRecord.hpp">
      <Filter>oless\excel\records</Filter>
    </ClInclude>
    <ClInclude Include="oless\excel\records\RadarRecord.hpp">
      <Filter>oless\excel\records</Filter>
    </ClInclude>
    <ClInclude Include="oless\excel\records\RealTimeDataRecord.hpp">
      <Filter>oless\excel\records</Filter>
    </ClInclude>
    <ClInclude Include="oless\excel\records\RecalcIdRecord.hpp">
      <Filter>oless\excel\records</Filter>
    </ClInclude>
    <ClInclude Include="oless\excel\records\RecipNameRecord.hpp">
      <Filter>oless\excel\records</Filter>
    </ClInclude>
    <ClInclude Include="oless\excel\records\Record.hpp">
      <Filter>oless\excel\records</Filter>
    </ClInclude>
    <ClInclude Include="oless\excel\records\Record.Parser.hpp">
      <Filter>oless\excel\records</Filter>
    </ClInclude>
    <ClInclude Include="oless\excel\records\Records.hpp">
      <Filter>oless\excel\records</Filter>
    </ClInclude>
    <ClInclude Include="oless\excel\records\RefreshAllRecord.hpp">
      <Filter>oless\excel\records</Filter>
    </ClInclude>
    <ClInclude Include="oless\excel\records\RichTextStreamRecord.hpp">
      <Filter>oless\excel\records</Filter>
    </ClInclude>
    <ClInclude Include="oless\excel\records\RightMarginRecord.hpp">
      <Filter>oless\excel\records</Filter>
    </ClInclude>
    <ClInclude Include="oless\excel\records\RKRecord.hpp">
      <Filter>oless\excel\records</Filter>
    </ClInclude>
    <ClInclude Include="oless\excel\records\RowRecord.hpp">
      <Filter>oless\excel\records</Filter>
    </ClInclude>
    <ClInclude Include="oless\excel\records\RRAutoFmtRecord.hpp">
      <Filter>oless\excel\records</Filter>
    </ClInclude>
    <ClInclude Include="oless\excel\records\RRDChgCellRecord.hpp">
      <Filter>oless\excel\records</Filter>
    </ClInclude>
    <ClInclude Include="oless\excel\records\RRDConflictRecord.hpp">
      <Filter>oless\excel\records</Filter>
    </ClInclude>
    <ClInclude Include="oless\excel\records\RRDDefNameRecord.hpp">
      <Filter>oless\excel\records</Filter>
    </ClInclude>
    <ClInclude Include="oless\excel\records\RRDHeadRecord.hpp">
      <Filter>oless\excel\records</Filter>
    </ClInclude>
    <ClInclude Include="oless\excel\records\RRDInfoRecord.hpp">
      <Filter>oless\excel\records</Filter>
    </ClInclude>
    <ClInclude Include="oless\excel\records\RRDInsDelBeginRecord.hpp">
      <Filter>oless\excel\records</Filter>
    </ClInclude>
    <ClInclude Include="oless\excel\records\RRDInsDelEndRecord.hpp">
      <Filter>oless\excel\records</Filter>
    </ClInclude>
    <ClInclude Include="oless\excel\records\RRDInsDelRecord.hpp">
      <Filter>oless\excel\records</Filter>
    </ClInclude>
    <ClInclude Include="oless\excel\records\RRDMoveBeginRecord.hpp">
      <Filter>oless\excel\records</Filter>
    </ClInclude>
    <ClInclude Include="oless\excel\records\RRDMoveEndRecord.hpp">
      <Filter>oless\excel\records</Filter>
    </ClInclude>
    <ClInclude Include="oless\excel\records\RRDMoveRecord.hpp">
      <Filter>oless\excel\records</Filter>
    </ClInclude>
    <ClInclude Include="oless\excel\records\RRDRenSheetRecord.hpp">
      <Filter>oless\excel\records</Filter>
    </ClInclude>
    <ClInclude Include="oless\excel\records\RRDRstEtxpRecord.hpp">
      <Filter>oless\excel\records</Filter>
    </ClInclude>
    <ClInclude Include="oless\excel\records\RRDTQSIFRecord.hpp">
      <Filter>oless\excel\records</Filter>
    </ClInclude>
    <ClInclude Include="oless\excel\records\RRDUserViewRecord.hpp">
      <Filter>oless\excel\records</Filter>
    </ClInclude>
    <ClInclude Include="oless\excel\records\RRFormatRecord.hpp">
      <Filter>oless\excel\records</Filter>
    </ClInclude>
    <ClInclude Include="oless\excel\records\RRInsertShRecord.hpp">
      <Filter>oless\excel\records</Filter>
    </ClInclude>
    <ClInclude Include="oless\excel\records\RRSortRecord.hpp">
      <Filter>oless\excel\records</Filter>
    </ClInclude>
    <ClInclude Include="oless\excel\records\RRTabIdRecord.hpp">
      <Filter>oless\excel\records</Filter>
    </ClInclude>
    <ClInclude Include="oless\excel\records\SBaseRefRecord.hpp">
      <Filter>oless\excel\records</Filter>
    </ClInclude>
    <ClInclude Include="oless\excel\records\ScatterRecord.hpp">
      <Filter>oless\excel\records</Filter>
    </ClInclude>
    <ClInclude Include="oless\excel\records\ScenarioProtectRecord.hpp">
      <Filter>oless\excel\records</Filter>
    </ClInclude>
    <ClInclude Include="oless\excel\records\SCENARIORecord.hpp">
      <Filter>oless\excel\records</Filter>
    </ClInclude>
    <ClInclude Include="oless\excel\records\ScenManRecord.hpp">
      <Filter>oless\excel\records</Filter>
    </ClInclude>
    <ClInclude Include="oless\excel\records\SclRecord.hpp">
      <Filter>oless\excel\records</Filter>
    </ClInclude>
    <ClInclude Include="oless\excel\records\SelectionRecord.hpp">
      <Filter>oless\excel\records</Filter>
    </ClInclude>
    <ClInclude Include="oless\excel\records\SerAuxErrBarRecord.hpp">
      <Filter>oless\excel\records</Filter>
    </ClInclude>
    <ClInclude Include="oless\excel\records\SerAuxTrendRecord.hpp">
      <Filter>oless\excel\records</Filter>
    </ClInclude>
    <ClInclude Include="oless\excel\records\SerFmtRecord.hpp">
      <Filter>oless\excel\records</Filter>
    </ClInclude>
    <ClInclude Include="oless\excel\records\SeriesListRecord.hpp">
      <Filter>oless\excel\records</Filter>
    </ClInclude>
    <ClInclude Include="oless\excel\records\SeriesRecord.hpp">
      <Filter>oless\excel\records</Filter>
    </ClInclude>
    <ClInclude Include="oless\excel\records\SeriesTextRecord.hpp">
      <Filter>oless\excel\records</Filter>
    </ClInclude>
    <ClInclude Include="oless\excel\records\SerParentRecord.hpp">
      <Filter>oless\excel\records</Filter>
    </ClInclude>
    <ClInclude Include="oless\excel\records\SerToCrtRecord.hpp">
      <Filter>oless\excel\records</Filter>
    </ClInclude>
    <ClInclude Include="oless\excel\records\SetupRecord.hpp">
      <Filter>oless\excel\records</Filter>
    </ClInclude>
    <ClInclude Include="oless\excel\records\ShapePropsStreamRecord.hpp">
      <Filter>oless\excel\records</Filter>
    </ClInclude>
    <ClInclude Include="oless\excel\records\SheetExtRecord.hpp">
      <Filter>oless\excel\records</Filter>
    </ClInclude>
    <ClInclude Include="oless\excel\records\ShrFmlaRecord.hpp">
      <Filter>oless\excel\records</Filter>
    </ClInclude>
    <ClInclude Include="oless\excel\records\ShtPropsRecord.hpp">
      <Filter>oless\excel\records</Filter>
    </ClInclude>
    <ClInclude Include="oless\excel\records\SIIndexRecord.hpp">
      <Filter>oless\excel\records</Filter>
    </ClInclude>
    <ClInclude Include="oless\excel\records\SortDataRecord.hpp">
      <Filter>oless\excel\records</Filter>
    </ClInclude>
    <ClInclude Include="oless\excel\records\SortRecord.hpp">
      <Filter>oless\excel\records</Filter>
    </ClInclude>
    <ClInclude Include="oless\excel\records\SSTRecord.hpp">
      <Filter>oless\excel\records</Filter>
    </ClInclude>
    <ClInclude Include="oless\excel\records\StartBlockRecord.hpp">
      <Filter>oless\excel\records</Filter>
    </ClInclude>
    <ClInclude Include="oless\excel\records\StartObjectRecord.hpp">
      <Filter>oless\excel\records</Filter>
    </ClInclude>
    <ClInclude Include="oless\excel\records\StringRecord.hpp">
      <Filter>oless\excel\records</Filter>
    </ClInclude>
    <ClInclude Include="oless\excel\records\StyleExtRecord.hpp">
      <Filter>oless\excel\records</Filter>
    </ClInclude>
    <ClInclude Include="oless\excel\records\StyleRecord.hpp">
      <Filter>oless\excel\records</Filter>
    </ClInclude>
    <ClInclude Include="oless\excel\records\SupBookRecord.hpp">
      <Filter>oless\excel\records</Filter>
    </ClInclude>
    <ClInclude Include="oless\excel\records\SurfRecord.hpp">
      <Filter>oless\excel\records</Filter>
    </ClInclude>
    <ClInclude Include="oless\excel\records\SXAddlRecord.hpp">
      <Filter>oless\excel\records</Filter>
    </ClInclude>
    <ClInclude Include="oless\excel\records\SxBoolRecord.hpp">
      <Filter>oless\excel\records</Filter>
    </ClInclude>
    <ClInclude Include="oless\excel\records\SXDBBRecord.hpp">
      <Filter>oless\excel\records</Filter>
    </ClInclude>
    <ClInclude Include="oless\excel\records\SXDBExRecord.hpp">
      <Filter>oless\excel\records</Filter>
    </ClInclude>
    <ClInclude Include="oless\excel\records\SXDBRecord.hpp">
      <Filter>oless\excel\records</Filter>
    </ClInclude>
    <ClInclude Include="oless\excel\records\SXDIRecord.hpp">
      <Filter>oless\excel\records</Filter>
    </ClInclude>
    <ClInclude Include="oless\excel\records\SXDtrRecord.hpp">
      <Filter>oless\excel\records</Filter>
    </ClInclude>
    <ClInclude Include="oless\excel\records\SxDXFRecord.hpp">
      <Filter>oless\excel\records</Filter>
    </ClInclude>
    <ClInclude Include="oless\excel\records\SxErrRecord.hpp">
      <Filter>oless\excel\records</Filter>
    </ClInclude>
    <ClInclude Include="oless\excel\records\SXExRecord.hpp">
      <Filter>oless\excel\records</Filter>
    </ClInclude>
    <ClInclude Include="oless\excel\records\SXFDBRecord.hpp">
      <Filter>oless\excel\records</Filter>
    </ClInclude>
    <ClInclude Include="oless\excel\records\SXFDBTypeRecord.hpp">
      <Filter>oless\excel\records</Filter>
    </ClInclude>
    <ClInclude Include="oless\excel\records\SxFiltRecord.hpp">
      <Filter>oless\excel\records</Filter>
    </ClInclude>
    <ClInclude Include="oless\excel\records\SxFmlaRecord.hpp">
      <Filter>oless\excel\records</Filter>
    </ClInclude>
    <ClInclude Include="oless\excel\records\SxFormatRecord.hpp">
      <Filter>oless\excel\records</Filter>
    </ClInclude>
    <ClInclude Include="oless\excel\records\SXFormulaRecord.hpp">
      <Filter>oless\excel\records</Filter>
    </ClInclude>
    <ClInclude Include="oless\excel\records\SXIntRecord.hpp">
      <Filter>oless\excel\records</Filter>
    </ClInclude>
    <ClInclude Include="oless\excel\records\SxIsxoperRecord.hpp">
      <Filter>oless\excel\records</Filter>
    </ClInclude>
    <ClInclude Include="oless\excel\records\SxItmRecord.hpp">
      <Filter>oless\excel\records</Filter>
    </ClInclude>
    <ClInclude Include="oless\excel\records\SxIvdRecord.hpp">
      <Filter>oless\excel\records</Filter>
    </ClInclude>
    <ClInclude Include="oless\excel\records\SXLIRecord.hpp">
      <Filter>oless\excel\records</Filter>
    </ClInclude>
    <ClInclude Include="oless\excel\records\SxNameRecord.hpp">
      <Filter>oless\excel\records</Filter>
    </ClInclude>
    <ClInclude Include="oless\excel\records\SxNilRecord.hpp">
      <Filter>oless\excel\records</Filter>
    </ClInclude>
    <ClInclude Include="oless\excel\records\SXNumRecord.hpp">
      <Filter>oless\excel\records</Filter>
    </ClInclude>
    <ClInclude Include="oless\excel\records\SXPairRecord.hpp">
      <Filter>oless\excel\records</Filter>
    </ClInclude>
    <ClInclude Include="oless\excel\records\SXPIExRecord.hpp">
      <Filter>oless\excel\records</Filter>
    </ClInclude>
    <ClInclude Include="oless\excel\records\SXPIRecord.hpp">
      <Filter>oless\excel\records</Filter>
    </ClInclude>
    <ClInclude Include="oless\excel\records\SXRngRecord.hpp">
      <Filter>oless\excel\records</Filter>
    </ClInclude>
    <ClInclude Include="oless\excel\records\SxRuleRecord.hpp">
      <Filter>oless\excel\records</Filter>
    </ClInclude>
    <ClInclude Include="oless\excel\records\SxSelectRecord.hpp">
      <Filter>oless\excel\records</Filter>
    </ClInclude>
    <ClInclude Include="oless\excel\records\SXStreamIDRecord.hpp">
      <Filter>oless\excel\records</Filter>
    </ClInclude>
    <ClInclude Include="oless\excel\records\SXStringRecord.hpp">
      <Filter>oless\excel\records</Filter>
    </ClInclude>
    <ClInclude Include="oless\excel\records\SXTblRecord.hpp">
      <Filter>oless\excel\records</Filter>
    </ClInclude>
    <ClInclude Include="oless\excel\records\SxTbpgRecord.hpp">
      <Filter>oless\excel\records</Filter>
    </ClInclude>
    <ClInclude Include="oless\excel\records\SXTBRGIITMRecord.hpp">
      <Filter>oless\excel\records</Filter>
    </ClInclude>
    <ClInclude Include="oless\excel\records\SXTHRecord.hpp">
      <Filter>oless\excel\records</Filter>
    </ClInclude>
    <ClInclude Include="oless\excel\records\SXVDExRecord.hpp">
      <Filter>oless\excel\records</Filter>
    </ClInclude>
    <ClInclude Include="oless\excel\records\SxvdRecord.hpp">
      <Filter>oless\excel\records</Filter>
    </ClInclude>
    <ClInclude Include="oless\excel\records\SXVDTExRecord.hpp">
      <Filter>oless\excel\records</Filter>
    </ClInclude>
    <ClInclude Include="oless\excel\records\SXViewEx9Record.hpp">
      <Filter>oless\excel\records</Filter>
    </ClInclude>
    <ClInclude Include="oless\excel\records\SXViewExRecord.hpp">
      <Filter>oless\excel\records</Filter>
    </ClInclude>
    <ClInclude Include="oless\excel\records\SXViewLinkRecord.hpp">
      <Filter>oless\excel\records</Filter>
    </ClInclude>
    <ClInclude Include="oless\excel\records\SxViewRecord.hpp">
      <Filter>oless\excel\records</Filter>
    </ClInclude>
    <ClInclude Include="oless\excel\records\SXVIRecord.hpp">
      <Filter>oless\excel\records</Filter>
    </ClInclude>
    <ClInclude Include="oless\excel\records\SXVSRecord.hpp">
      <Filter>oless\excel\records</Filter>
    </ClInclude>
    <ClInclude Include="oless\excel\records\SyncRecord.hpp">
      <Filter>oless\excel\records</Filter>
    </ClInclude>
    <ClInclude Include="oless\excel\records\TableRecord.hpp">
      <Filter>oless\excel\records</Filter>
    </ClInclude>
    <ClInclude Include="oless\excel\records\TableStyleElementRecord.hpp">
      <Filter>oless\excel\records</Filter>
    </ClInclude>
    <ClInclude Include="oless\excel\records\TableStyleRecord.hpp">
      <Filter>oless\excel\records</Filter>
    </ClInclude>
    <ClInclude Include="oless\excel\records\TableStylesRecord.hpp">
      <Filter>oless\excel\records</Filter>
    </ClInclude>
    <ClInclude Include="oless\excel\records\TemplateRecord.hpp">
      <Filter>oless\excel\records</Filter>
    </ClInclude>
    <ClInclude Include="oless\excel\records\TextPropsStreamRecord.hpp">
      <Filter>oless\excel\records</Filter>
    </ClInclude>
    <ClInclude Include="oless\excel\records\TextRecord.hpp">
      <Filter>oless\excel\records</Filter>
    </ClInclude>
    <ClInclude Include="oless\excel\records\ThemeRecord.hpp">
      <Filter>oless\excel\records</Filter>
    </ClInclude>
    <ClInclude Include="oless\excel\records\TickRecord.hpp">
      <Filter>oless\excel\records</Filter>
    </ClInclude>
    <ClInclude Include="oless\excel\records\TopMarginRecord.hpp">
      <Filter>oless\excel\records</Filter>
    </ClInclude>
    <ClInclude Include="oless\excel\records\TxORecord.hpp">
      <Filter>oless\excel\records</Filter>
    </ClInclude>
    <ClInclude Include="oless\excel\records\TxtQryRecord.hpp">
      <Filter>oless\excel\records</Filter>
    </ClInclude>
    <ClInclude Include="oless\excel\records\UncalcedRecord.hpp">
      <Filter>oless\excel\records</Filter>
    </ClInclude>
    <ClInclude Include="oless\excel\records\UnitsRecord.hpp">
      <Filter>oless\excel\records</Filter>
    </ClInclude>
    <ClInclude Include="oless\excel\records\UserBViewRecord.hpp">
      <Filter>oless\excel\records</Filter>
    </ClInclude>
    <ClInclude Include="oless\excel\records\UserSViewBeginRecord.hpp">
      <Filter>oless\excel\records</Filter>
    </ClInclude>
    <ClInclude Include="oless\excel\records\UserSViewBegin_ChartRecord.hpp">
      <Filter>oless\excel\records</Filter>
    </ClInclude>
    <ClInclude Include="oless\excel\records\UserSViewEndRecord.hpp">
      <Filter>oless\excel\records</Filter>
    </ClInclude>
    <ClInclude Include="oless\excel\records\UsesELFsRecord.hpp">
      <Filter>oless\excel\records</Filter>
    </ClInclude>
    <ClInclude Include="oless\excel\records\UsrChkRecord.hpp">
      <Filter>oless\excel\records</Filter>
    </ClInclude>
    <ClInclude Include="oless\excel\records\UsrExclRecord.hpp">
      <Filter>oless\excel\records</Filter>
    </ClInclude>
    <ClInclude Include="oless\excel\records\UsrInfoRecord.hpp">
      <Filter>oless\excel\records</Filter>
    </ClInclude>
    <ClInclude Include="oless\excel\records\ValueRangeRecord.hpp">
      <Filter>oless\excel\records</Filter>
    </ClInclude>
    <ClInclude Include="oless\excel\records\VCenterRecord.hpp">
      <Filter>oless\excel\records</Filter>
    </ClInclude>
    <ClInclude Include="oless\excel\records\VerticalPageBreaksRecord.hpp">
      <Filter>oless\excel\records</Filter>
    </ClInclude>
    <ClInclude Include="oless\excel\records\WebPubRecord.hpp">
      <Filter>oless\excel\records</Filter>
    </ClInclude>
    <ClInclude Include="oless\excel\records\Window1Record.hpp">
      <Filter>oless\excel\records</Filter>
    </ClInclude>
    <ClInclude Include="oless\excel\records\Window2Record.hpp">
      <Filter>oless\excel\records</Filter>
    </ClInclude>
    <ClInclude Include="oless\excel\records\WinProtectRecord.hpp">
      <Filter>oless\excel\records</Filter>
    </ClInclude>
    <ClInclude Include="oless\excel\records\WOptRecord.hpp">
      <Filter>oless\excel\records</Filter>
    </ClInclude>
    <ClInclude Include="oless\excel\records\WriteAccessRecord.hpp">
      <Filter>oless\excel\records</Filter>
    </ClInclude>
    <ClInclude Include="oless\excel\records\WriteProtectRecord.hpp">
      <Filter>oless\excel\records</Filter>
    </ClInclude>
    <ClInclude Include="oless\excel\records\WsBoolRecord.hpp">
      <Filter>oless\excel\records</Filter>
    </ClInclude>
    <ClInclude Include="oless\excel\records\XCTRecord.hpp">
      <Filter>oless\excel\records</Filter>
    </ClInclude>
    <ClInclude Include="oless\excel\records\XFCRCRecord.hpp">
      <Filter>oless\excel\records</Filter>
    </ClInclude>
    <ClInclude Include="oless\excel\records\XFExtRecord.hpp">
      <Filter>oless\excel\records</Filter>
    </ClInclude>
    <ClInclude Include="oless\excel\records\XFRecord.hpp">
      <Filter>oless\excel\records</Filter>
    </ClInclude>
    <ClInclude Include="oless\excel\records\YMultRecord.hpp">
      <Filter>oless\excel\records</Filter>
    </ClInclude>
    <ClInclude Include="oless\excel\Sheet.hpp">
      <Filter>oless\excel</Filter>
    </ClInclude>
    <ClInclude Include="oless\excel\SubStream.hpp">
      <Filter>oless\excel</Filter>
    </ClInclude>
    <ClInclude Include="oless\MSExcel.hpp">
      <Filter>oless</Filter>
    </ClInclude>
    <ClInclude Include="oless\MSPowerPoint.hpp">
      <Filter>oless</Filter>
    </ClInclude>
    <ClInclude Include="oless\MSPublisher.hpp">
      <Filter>oless</Filter>
    </ClInclude>
    <ClInclude Include="oless\MSVisio.hpp">
      <Filter>oless</Filter>
    </ClInclude>
    <ClInclude Include="oless\MSWord.hpp">
      <Filter>oless</Filter>
    </ClInclude>
    <ClInclude Include="oless\OleCommon.hpp">
      <Filter>oless</Filter>
    </ClInclude>
    <ClInclude Include="oless\oless.hpp">
      <Filter>oless</Filter>
    </ClInclude>
    <ClInclude Include="oless\olessoffice.hpp">
      <Filter>oless</Filter>
    </ClInclude>
    <ClInclude Include="oless\pole.h">
      <Filter>oless</Filter>
    </ClInclude>
    <ClInclude Include="oless\vbahelper.hpp">
      <Filter>oless</Filter>
    </ClInclude>
    <ClInclude Include="zip\ziphelper.hpp">
      <Filter>zip</Filter>
    </ClInclude>
    <ClInclude Include="common.hpp" />
    <ClInclude Include="details.hpp" />
    <ClInclude Include="magic.h" />
    <ClInclude Include="misc\wordperfect.hpp" />
    <ClInclude Include="misc\asf.hpp" />
    <ClInclude Include="oless\WordPerfect.hpp" />
    <ClInclude Include="unknown.hpp" />
    <ClInclude Include="oless\propset\DocumentSummary.hpp">
      <Filter>oless</Filter>
    </ClInclude>
    <ClInclude Include="oless\propset\FormatId.hpp" />
    <ClInclude Include="oless\propset\PropertyIdentifier.hpp" />
    <ClInclude Include="oless\propset\PropertyType.hpp" />
    <ClInclude Include="oless\propset\Property.hpp" />
  </ItemGroup>
</Project>