<?xml version="1.0" encoding="utf-8"?>
<Project ToolsVersion="4.0" xmlns="http://schemas.microsoft.com/developer/msbuild/2003">
  <ItemGroup>
    <Filter Include="oless">
      <UniqueIdentifier>{a83af924-5f63-4310-868c-1ffeae2021e2}</UniqueIdentifier>
    </Filter>
    <Filter Include="exe">
      <UniqueIdentifier>{40d19bb7-551e-4b43-8a4a-64714606191a}</UniqueIdentifier>
    </Filter>
    <Filter Include="mp4">
      <UniqueIdentifier>{5526c9a3-a519-463b-b27e-e5cf0ba9994b}</UniqueIdentifier>
    </Filter>
    <Filter Include="oless\excel">
      <UniqueIdentifier>{267b42d6-ca52-4914-b047-ef77f7f82b36}</UniqueIdentifier>
    </Filter>
    <Filter Include="oless\excel\records">
      <UniqueIdentifier>{72908687-035e-4c4c-b922-c5e3eb445065}</UniqueIdentifier>
    </Filter>
    <Filter Include="zip">
      <UniqueIdentifier>{d3a9e242-c4ad-49f5-b41b-c3d0ffa6e08d}</UniqueIdentifier>
    </Filter>
  </ItemGroup>
  <ItemGroup>
    <ClCompile Include="fileid.cpp" />
  </ItemGroup>
  <ItemGroup>
    <ClInclude Include="exe\Exec.hpp">
      <Filter>exe</Filter>
    </ClInclude>
    <ClInclude Include="oless\MSExcel.hpp">
      <Filter>oless</Filter>
    </ClInclude>
    <ClInclude Include="oless\MSPowerPoint.hpp">
      <Filter>oless</Filter>
    </ClInclude>
    <ClInclude Include="oless\MSPublisher.hpp">
      <Filter>oless</Filter>
    </ClInclude>
    <ClInclude Include="oless\MSVisio.hpp">
      <Filter>oless</Filter>
    </ClInclude>
    <ClInclude Include="oless\MSWord.hpp">
      <Filter>oless</Filter>
    </ClInclude>
    <ClInclude Include="oless\OleCommon.hpp">
      <Filter>oless</Filter>
    </ClInclude>
    <ClInclude Include="oless\oless.hpp">
      <Filter>oless</Filter>
    </ClInclude>
    <ClInclude Include="oless\olessoffice.hpp">
      <Filter>oless</Filter>
    </ClInclude>
    <ClInclude Include="oless\vbahelper.hpp">
      <Filter>oless</Filter>
    </ClInclude>
    <ClInclude Include="zip\ziphelper.hpp">
      <Filter>zip</Filter>
    </ClInclude>
    <ClInclude Include="common.hpp" />
    <ClInclude Include="details.hpp" />
    <ClInclude Include="magic.h" />
    <ClInclude Include="oless\WordPerfect.hpp" />
    <ClInclude Include="unknown.hpp" />
    <ClInclude Include="oless\propset\DocumentSummary.hpp">
      <Filter>oless</Filter>
    </ClInclude>
    <ClInclude Include="oless\propset\FormatId.hpp" />
    <ClInclude Include="oless\propset\PropertyIdentifier.hpp" />
    <ClInclude Include="oless\propset\PropertyType.hpp" />
    <ClInclude Include="oless\propset\Property.hpp" />
    <ClInclude Include="media\mp4\mp4.hpp">
      <Filter>mp4</Filter>
    </ClInclude>
    <ClInclude Include="media\asf\asf.hpp" />
    <ClInclude Include="document\wp\wordperfect.hpp" />
    <ClInclude Include="document\dwg\autocad.hpp" />
    <ClInclude Include="media\riff\riff.hpp" />
    <ClInclude Include="media\jpeg.hpp" />
    <ClInclude Include="oless\excel\ExcelExtensionInfo.hpp" />
    <ClInclude Include="oless\excel\MSExcel.common.hpp" />
    <ClInclude Include="oless\excel\SubStream.hpp" />
    <ClInclude Include="oless\excel\Sheet.hpp" />
    <ClInclude Include="oless\excel\records\AlRunsRecord.hpp" />
    <ClInclude Include="oless\excel\records\AreaFormatRecord.hpp" />
    <ClInclude Include="oless\excel\records\AreaRecord.hpp" />
    <ClInclude Include="oless\excel\records\ArrayRecord.hpp" />
    <ClInclude Include="oless\excel\records\AttachedLabelRecord.hpp" />
    <ClInclude Include="oless\excel\records\AutoFilter12Record.hpp" />
    <ClInclude Include="oless\excel\records\AutoFilterInfoRecord.hpp" />
    <ClInclude Include="oless\excel\records\AutoFilterRecord.hpp" />
    <ClInclude Include="oless\excel\records\AxcExtRecord.hpp" />
    <ClInclude Include="oless\excel\records\AxesUsedRecord.hpp" />
    <ClInclude Include="oless\excel\records\AxisLineRecord.hpp" />
    <ClInclude Include="oless\excel\records\AxisParentRecord.hpp" />
    <ClInclude Include="oless\excel\records\AxisRecord.hpp" />
    <ClInclude Include="oless\excel\records\BackupRecord.hpp" />
    <ClInclude Include="oless\excel\records\BarRecord.hpp" />
    <ClInclude Include="oless\excel\records\BCUsrsRecord.hpp" />
    <ClInclude Include="oless\excel\records\BeginRecord.hpp" />
    <ClInclude Include="oless\excel\records\BigNameRecord.hpp" />
    <ClInclude Include="oless\excel\records\BkHimRecord.hpp" />
    <ClInclude Include="oless\excel\records\BlankRecord.hpp" />
    <ClInclude Include="oless\excel\records\BOFRecord.hpp" />
    <ClInclude Include="oless\excel\records\BookBoolRecord.hpp" />
    <ClInclude Include="oless\excel\records\BookExtRecord.hpp" />
    <ClInclude Include="oless\excel\records\BoolErrRecord.hpp" />
    <ClInclude Include="oless\excel\records\BopPopCustomRecord.hpp" />
    <ClInclude Include="oless\excel\records\BopPopRecord.hpp" />
    <ClInclude Include="oless\excel\records\BottomMarginRecord.hpp" />
    <ClInclude Include="oless\excel\records\BoundSheet8Record.hpp" />
    <ClInclude Include="oless\excel\records\BRAIRecord.hpp" />
    <ClInclude Include="oless\excel\records\BuiltInFnGroupCountRecord.hpp" />
    <ClInclude Include="oless\excel\records\CalcCountRecord.hpp" />
    <ClInclude Include="oless\excel\records\CalcDeltaRecord.hpp" />
    <ClInclude Include="oless\excel\records\CalcIterRecord.hpp" />
    <ClInclude Include="oless\excel\records\CalcModeRecord.hpp" />
    <ClInclude Include="oless\excel\records\CalcPrecisionRecord.hpp" />
    <ClInclude Include="oless\excel\records\CalcRefModeRecord.hpp" />
    <ClInclude Include="oless\excel\records\CalcSaveRecalcRecord.hpp" />
    <ClInclude Include="oless\excel\records\CatLabRecord.hpp" />
    <ClInclude Include="oless\excel\records\CatSerRangeRecord.hpp" />
    <ClInclude Include="oless\excel\records\CbUsrRecord.hpp" />
    <ClInclude Include="oless\excel\records\CellWatchRecord.hpp" />
    <ClInclude Include="oless\excel\records\CF12Record.hpp" />
    <ClInclude Include="oless\excel\records\CFExRecord.hpp" />
    <ClInclude Include="oless\excel\records\CFRecord.hpp" />
    <ClInclude Include="oless\excel\records\Chart3DBarShapeRecord.hpp" />
    <ClInclude Include="oless\excel\records\Chart3dRecord.hpp" />
    <ClInclude Include="oless\excel\records\ChartFormatRecord.hpp" />
    <ClInclude Include="oless\excel\records\ChartFrtInfoRecord.hpp" />
    <ClInclude Include="oless\excel\records\ChartRecord.hpp" />
    <ClInclude Include="oless\excel\records\ClrtClientRecord.hpp" />
    <ClInclude Include="oless\excel\records\CodeNameRecord.hpp" />
    <ClInclude Include="oless\excel\records\CodePageRecord.hpp" />
    <ClInclude Include="oless\excel\records\ColInfoRecord.hpp" />
    <ClInclude Include="oless\excel\records\Compat12Record.hpp" />
    <ClInclude Include="oless\excel\records\CompressPicturesRecord.hpp" />
    <ClInclude Include="oless\excel\records\CondFmt12Record.hpp" />
    <ClInclude Include="oless\excel\records\CondFmtRecord.hpp" />
    <ClInclude Include="oless\excel\records\ContinueBigNameRecord.hpp" />
    <ClInclude Include="oless\excel\records\ContinueFrt11Record.hpp" />
    <ClInclude Include="oless\excel\records\ContinueFrt12Record.hpp" />
    <ClInclude Include="oless\excel\records\ContinueFrtRecord.hpp" />
    <ClInclude Include="oless\excel\records\ContinueRecord.hpp" />
    <ClInclude Include="oless\excel\records\CountryRecord.hpp" />
    <ClInclude Include="oless\excel\records\CrErrRecord.hpp" />
    <ClInclude Include="oless\excel\records\CRNRecord.hpp" />
    <ClInclude Include="oless\excel\records\CrtLayout12ARecord.hpp" />
    <ClInclude Include="oless\excel\records\CrtLayout12Record.hpp" />
    <ClInclude Include="oless\excel\records\CrtLineRecord.hpp" />
    <ClInclude Include="oless\excel\records\CrtLinkRecord.hpp" />
    <ClInclude Include="oless\excel\records\CrtMlFrtContinueRecord.hpp" />
    <ClInclude Include="oless\excel\records\CrtMlFrtRecord.hpp" />
    <ClInclude Include="oless\excel\records\CUsrRecord.hpp" />
    <ClInclude Include="oless\excel\records\DataFormatRecord.hpp" />
    <ClInclude Include="oless\excel\records\DataLabExtContentsRecord.hpp" />
    <ClInclude Include="oless\excel\records\DataLabExtRecord.hpp" />
    <ClInclude Include="oless\excel\records\Date1904Record.hpp" />
    <ClInclude Include="oless\excel\records\DatRecord.hpp" />
    <ClInclude Include="oless\excel\records\DBCellRecord.hpp" />
    <ClInclude Include="oless\excel\records\DbOrParamQryRecord.hpp" />
    <ClInclude Include="oless\excel\records\DBQueryExtRecord.hpp" />
    <ClInclude Include="oless\excel\records\DconBinRecord.hpp" />
    <ClInclude Include="oless\excel\records\DConNameRecord.hpp" />
    <ClInclude Include="oless\excel\records\DConnRecord.hpp" />
    <ClInclude Include="oless\excel\records\DConRecord.hpp" />
    <ClInclude Include="oless\excel\records\DConRefRecord.hpp" />
    <ClInclude Include="oless\excel\records\DefaultRowHeightRecord.hpp" />
    <ClInclude Include="oless\excel\records\DefaultTextRecord.hpp" />
    <ClInclude Include="oless\excel\records\DefColWidthRecord.hpp" />
    <ClInclude Include="oless\excel\records\DimensionsRecord.hpp" />
    <ClInclude Include="oless\excel\records\DocRouteRecord.hpp" />
    <ClInclude Include="oless\excel\records\DropBarRecord.hpp" />
    <ClInclude Include="oless\excel\records\DropDownObjIdsRecord.hpp" />
    <ClInclude Include="oless\excel\records\DSFRecord.hpp" />
    <ClInclude Include="oless\excel\records\DValRecord.hpp" />
    <ClInclude Include="oless\excel\records\DvRecord.hpp" />
    <ClInclude Include="oless\excel\records\DXFRecord.hpp" />
    <ClInclude Include="oless\excel\records\DxGColRecord.hpp" />
    <ClInclude Include="oless\excel\records\EndBlockRecord.hpp" />
    <ClInclude Include="oless\excel\records\EndObjectRecord.hpp" />
    <ClInclude Include="oless\excel\records\EndRecord.hpp" />
    <ClInclude Include="oless\excel\records\EntExU2Record.hpp" />
    <ClInclude Include="oless\excel\records\EOFRecord.hpp" />
    <ClInclude Include="oless\excel\records\Excel9FileRecord.hpp" />
    <ClInclude Include="oless\excel\records\ExternNameRecord.hpp" />
    <ClInclude Include="oless\excel\records\ExternSheetRecord.hpp" />
    <ClInclude Include="oless\excel\records\ExtSSTRecord.hpp" />
    <ClInclude Include="oless\excel\records\ExtStringRecord.hpp" />
    <ClInclude Include="oless\excel\records\Fbi2Record.hpp" />
    <ClInclude Include="oless\excel\records\FbiRecord.hpp" />
    <ClInclude Include="oless\excel\records\FeatHdr11Record.hpp" />
    <ClInclude Include="oless\excel\records\FeatHdrRecord.hpp" />
    <ClInclude Include="oless\excel\records\FeatRecord.hpp" />
    <ClInclude Include="oless\excel\records\Feature11Record.hpp" />
    <ClInclude Include="oless\excel\records\Feature12Record.hpp" />
    <ClInclude Include="oless\excel\records\FileLockRecord.hpp" />
    <ClInclude Include="oless\excel\records\FilePassRecord.hpp" />
    <ClInclude Include="oless\excel\records\FileSharingRecord.hpp" />
    <ClInclude Include="oless\excel\records\FilterModeRecord.hpp" />
    <ClInclude Include="oless\excel\records\FnGroupNameRecord.hpp" />
    <ClInclude Include="oless\excel\records\FnGrp12Record.hpp" />
    <ClInclude Include="oless\excel\records\FontRecord.hpp" />
    <ClInclude Include="oless\excel\records\FontXRecord.hpp" />
    <ClInclude Include="oless\excel\records\FooterRecord.hpp" />
    <ClInclude Include="oless\excel\records\ForceFullCalculationRecord.hpp" />
    <ClInclude Include="oless\excel\records\FormatRecord.hpp" />
    <ClInclude Include="oless\excel\records\FormulaRecord.hpp" />
    <ClInclude Include="oless\excel\records\FrameRecord.hpp" />
    <ClInclude Include="oless\excel\records\FrtFontListRecord.hpp" />
    <ClInclude Include="oless\excel\records\FrtWrapperRecord.hpp" />
    <ClInclude Include="oless\excel\records\GelFrameRecord.hpp" />
    <ClInclude Include="oless\excel\records\GridSetRecord.hpp" />
    <ClInclude Include="oless\excel\records\GUIDTypeLibRecord.hpp" />
    <ClInclude Include="oless\excel\records\GutsRecord.hpp" />
    <ClInclude Include="oless\excel\records\HCenterRecord.hpp" />
    <ClInclude Include="oless\excel\records\HeaderFooterRecord.hpp" />
    <ClInclude Include="oless\excel\records\HeaderRecord.hpp" />
    <ClInclude Include="oless\excel\records\HFPictureRecord.hpp" />
    <ClInclude Include="oless\excel\records\HideObjRecord.hpp" />
    <ClInclude Include="oless\excel\records\HLinkRecord.hpp" />
    <ClInclude Include="oless\excel\records\HLinkTooltipRecord.hpp" />
    <ClInclude Include="oless\excel\records\HorizontalPageBreaksRecord.hpp" />
    <ClInclude Include="oless\excel\records\IFmtRecordRecord.hpp" />
    <ClInclude Include="oless\excel\records\IndexRecord.hpp" />
    <ClInclude Include="oless\excel\records\InterfaceEndRecord.hpp" />
    <ClInclude Include="oless\excel\records\InterfaceHdrRecord.hpp" />
    <ClInclude Include="oless\excel\records\IntlRecord.hpp" />
    <ClInclude Include="oless\excel\records\LabelRecord.hpp" />
    <ClInclude Include="oless\excel\records\LabelSstRecord.hpp" />
    <ClInclude Include="oless\excel\records\LblRecord.hpp" />
    <ClInclude Include="oless\excel\records\LeftMarginRecord.hpp" />
    <ClInclude Include="oless\excel\records\LegendExceptionRecord.hpp" />
    <ClInclude Include="oless\excel\records\LegendRecord.hpp" />
    <ClInclude Include="oless\excel\records\LelRecord.hpp" />
    <ClInclude Include="oless\excel\records\LineFormatRecord.hpp" />
    <ClInclude Include="oless\excel\records\LineRecord.hpp" />
    <ClInclude Include="oless\excel\records\List12Record.hpp" />
    <ClInclude Include="oless\excel\records\LPrRecord.hpp" />
    <ClInclude Include="oless\excel\records\LRngRecord.hpp" />
    <ClInclude Include="oless\excel\records\MarkerFormatRecord.hpp" />
    <ClInclude Include="oless\excel\records\MDBRecord.hpp" />
    <ClInclude Include="oless\excel\records\MDTInfoRecord.hpp" />
    <ClInclude Include="oless\excel\records\MDXKPIRecord.hpp" />
    <ClInclude Include="oless\excel\records\MDXPropRecord.hpp" />
    <ClInclude Include="oless\excel\records\MDXSetRecord.hpp" />
    <ClInclude Include="oless\excel\records\MDXStrRecord.hpp" />
    <ClInclude Include="oless\excel\records\MDXTupleRecord.hpp" />
    <ClInclude Include="oless\excel\records\MergeCellsRecord.hpp" />
    <ClInclude Include="oless\excel\records\MmsRecord.hpp" />
    <ClInclude Include="oless\excel\records\MsoDrawingGroupRecord.hpp" />
    <ClInclude Include="oless\excel\records\MsoDrawingRecord.hpp" />
    <ClInclude Include="oless\excel\records\MsoDrawingSelectionRecord.hpp" />
    <ClInclude Include="oless\excel\records\MTRSettingsRecord.hpp" />
    <ClInclude Include="oless\excel\records\MulBlankRecord.hpp" />
    <ClInclude Include="oless\excel\records\MulRkRecord.hpp" />
    <ClInclude Include="oless\excel\records\NameCmtRecord.hpp" />
    <ClInclude Include="oless\excel\records\NameFnGrp12Record.hpp" />
    <ClInclude Include="oless\excel\records\NamePublishRecord.hpp" />
    <ClInclude Include="oless\excel\records\NoteRecord.hpp" />
    <ClInclude Include="oless\excel\records\NumberRecord.hpp" />
    <ClInclude Include="oless\excel\records\ObjectLinkRecord.hpp" />
    <ClInclude Include="oless\excel\records\ObjProtectRecord.hpp" />
    <ClInclude Include="oless\excel\records\ObjRecord.hpp" />
    <ClInclude Include="oless\excel\records\ObNoMacrosRecord.hpp" />
    <ClInclude Include="oless\excel\records\ObProjRecord.hpp" />
    <ClInclude Include="oless\excel\records\OleDbConnRecord.hpp" />
    <ClInclude Include="oless\excel\records\OleObjectSizeRecord.hpp" />
    <ClInclude Include="oless\excel\records\PaletteRecord.hpp" />
    <ClInclude Include="oless\excel\records\PaneRecord.hpp" />
    <ClInclude Include="oless\excel\records\PasswordRecord.hpp" />
    <ClInclude Include="oless\excel\records\PhoneticInfoRecord.hpp" />
    <ClInclude Include="oless\excel\records\PicFRecord.hpp" />
    <ClInclude Include="oless\excel\records\PieFormatRecord.hpp" />
    <ClInclude Include="oless\excel\records\PieRecord.hpp" />
    <ClInclude Include="oless\excel\records\PivotChartBitsRecord.hpp" />
    <ClInclude Include="oless\excel\records\PlotAreaRecord.hpp" />
    <ClInclude Include="oless\excel\records\PlotGrowthRecord.hpp" />
    <ClInclude Include="oless\excel\records\PlsRecord.hpp" />
    <ClInclude Include="oless\excel\records\PLVRecord.hpp" />
    <ClInclude Include="oless\excel\records\PosRecord.hpp" />
    <ClInclude Include="oless\excel\records\PrintGridRecord.hpp" />
    <ClInclude Include="oless\excel\records\PrintRowColRecord.hpp" />
    <ClInclude Include="oless\excel\records\PrintSizeRecord.hpp" />
    <ClInclude Include="oless\excel\records\Prot4RevPassRecord.hpp" />
    <ClInclude Include="oless\excel\records\Prot4RevRecord.hpp" />
    <ClInclude Include="oless\excel\records\ProtectRecord.hpp" />
    <ClInclude Include="oless\excel\records\QsifRecord.hpp" />
    <ClInclude Include="oless\excel\records\QsiRecord.hpp" />
    <ClInclude Include="oless\excel\records\QsirRecord.hpp" />
    <ClInclude Include="oless\excel\records\QsiSXTagRecord.hpp" />
    <ClInclude Include="oless\excel\records\RadarAreaRecord.hpp" />
    <ClInclude Include="oless\excel\records\RadarRecord.hpp" />
    <ClInclude Include="oless\excel\records\RealTimeDataRecord.hpp" />
    <ClInclude Include="oless\excel\records\RecalcIdRecord.hpp" />
    <ClInclude Include="oless\excel\records\RecipNameRecord.hpp" />
    <ClInclude Include="oless\excel\records\Record.hpp" />
    <ClInclude Include="oless\excel\records\Record.Parser.hpp" />
    <ClInclude Include="oless\excel\records\Records.hpp" />
    <ClInclude Include="oless\excel\records\RefreshAllRecord.hpp" />
    <ClInclude Include="oless\excel\records\RichTextStreamRecord.hpp" />
    <ClInclude Include="oless\excel\records\RightMarginRecord.hpp" />
    <ClInclude Include="oless\excel\records\RKRecord.hpp" />
    <ClInclude Include="oless\excel\records\RowRecord.hpp" />
    <ClInclude Include="oless\excel\records\RRAutoFmtRecord.hpp" />
    <ClInclude Include="oless\excel\records\RRDChgCellRecord.hpp" />
    <ClInclude Include="oless\excel\records\RRDConflictRecord.hpp" />
    <ClInclude Include="oless\excel\records\RRDDefNameRecord.hpp" />
    <ClInclude Include="oless\excel\records\RRDHeadRecord.hpp" />
    <ClInclude Include="oless\excel\records\RRDInfoRecord.hpp" />
    <ClInclude Include="oless\excel\records\RRDInsDelBeginRecord.hpp" />
    <ClInclude Include="oless\excel\records\RRDInsDelEndRecord.hpp" />
    <ClInclude Include="oless\excel\records\RRDInsDelRecord.hpp" />
    <ClInclude Include="oless\excel\records\RRDMoveBeginRecord.hpp" />
    <ClInclude Include="oless\excel\records\RRDMoveEndRecord.hpp" />
    <ClInclude Include="oless\excel\records\RRDMoveRecord.hpp" />
    <ClInclude Include="oless\excel\records\RRDRenSheetRecord.hpp" />
    <ClInclude Include="oless\excel\records\RRDRstEtxpRecord.hpp" />
    <ClInclude Include="oless\excel\records\RRDTQSIFRecord.hpp" />
    <ClInclude Include="oless\excel\records\RRDUserViewRecord.hpp" />
    <ClInclude Include="oless\excel\records\RRFormatRecord.hpp" />
    <ClInclude Include="oless\excel\records\RRInsertShRecord.hpp" />
    <ClInclude Include="oless\excel\records\RRSortRecord.hpp" />
    <ClInclude Include="oless\excel\records\RRTabIdRecord.hpp" />
    <ClInclude Include="oless\excel\records\SBaseRefRecord.hpp" />
    <ClInclude Include="oless\excel\records\ScatterRecord.hpp" />
    <ClInclude Include="oless\excel\records\ScenarioProtectRecord.hpp" />
    <ClInclude Include="oless\excel\records\SCENARIORecord.hpp" />
    <ClInclude Include="oless\excel\records\ScenManRecord.hpp" />
    <ClInclude Include="oless\excel\records\SclRecord.hpp" />
    <ClInclude Include="oless\excel\records\SelectionRecord.hpp" />
    <ClInclude Include="oless\excel\records\SerAuxErrBarRecord.hpp" />
    <ClInclude Include="oless\excel\records\SerAuxTrendRecord.hpp" />
    <ClInclude Include="oless\excel\records\SerFmtRecord.hpp" />
    <ClInclude Include="oless\excel\records\SeriesListRecord.hpp" />
    <ClInclude Include="oless\excel\records\SeriesRecord.hpp" />
    <ClInclude Include="oless\excel\records\SeriesTextRecord.hpp" />
    <ClInclude Include="oless\excel\records\SerParentRecord.hpp" />
    <ClInclude Include="oless\excel\records\SerToCrtRecord.hpp" />
    <ClInclude Include="oless\excel\records\SetupRecord.hpp" />
    <ClInclude Include="oless\excel\records\ShapePropsStreamRecord.hpp" />
    <ClInclude Include="oless\excel\records\SheetExtRecord.hpp" />
    <ClInclude Include="oless\excel\records\ShrFmlaRecord.hpp" />
    <ClInclude Include="oless\excel\records\ShtPropsRecord.hpp" />
    <ClInclude Include="oless\excel\records\SIIndexRecord.hpp" />
    <ClInclude Include="oless\excel\records\SortDataRecord.hpp" />
    <ClInclude Include="oless\excel\records\SortRecord.hpp" />
    <ClInclude Include="oless\excel\records\SSTRecord.hpp" />
    <ClInclude Include="oless\excel\records\StartBlockRecord.hpp" />
    <ClInclude Include="oless\excel\records\StartObjectRecord.hpp" />
    <ClInclude Include="oless\excel\records\StringRecord.hpp" />
    <ClInclude Include="oless\excel\records\StyleExtRecord.hpp" />
    <ClInclude Include="oless\excel\records\StyleRecord.hpp" />
    <ClInclude Include="oless\excel\records\SupBookRecord.hpp" />
    <ClInclude Include="oless\excel\records\SurfRecord.hpp" />
    <ClInclude Include="oless\excel\records\SXAddlRecord.hpp" />
    <ClInclude Include="oless\excel\records\SxBoolRecord.hpp" />
    <ClInclude Include="oless\excel\records\SXDBBRecord.hpp" />
    <ClInclude Include="oless\excel\records\SXDBExRecord.hpp" />
    <ClInclude Include="oless\excel\records\SXDBRecord.hpp" />
    <ClInclude Include="oless\excel\records\SXDIRecord.hpp" />
    <ClInclude Include="oless\excel\records\SXDtrRecord.hpp" />
    <ClInclude Include="oless\excel\records\SxDXFRecord.hpp" />
    <ClInclude Include="oless\excel\records\SxErrRecord.hpp" />
    <ClInclude Include="oless\excel\records\SXExRecord.hpp" />
    <ClInclude Include="oless\excel\records\SXFDBRecord.hpp" />
    <ClInclude Include="oless\excel\records\SXFDBTypeRecord.hpp" />
    <ClInclude Include="oless\excel\records\SxFiltRecord.hpp" />
    <ClInclude Include="oless\excel\records\SxFmlaRecord.hpp" />
    <ClInclude Include="oless\excel\records\SxFormatRecord.hpp" />
    <ClInclude Include="oless\excel\records\SXFormulaRecord.hpp" />
    <ClInclude Include="oless\excel\records\SXIntRecord.hpp" />
    <ClInclude Include="oless\excel\records\SxIsxoperRecord.hpp" />
    <ClInclude Include="oless\excel\records\SxItmRecord.hpp" />
    <ClInclude Include="oless\excel\records\SxIvdRecord.hpp" />
    <ClInclude Include="oless\excel\records\SXLIRecord.hpp" />
    <ClInclude Include="oless\excel\records\SxNameRecord.hpp" />
    <ClInclude Include="oless\excel\records\SxNilRecord.hpp" />
    <ClInclude Include="oless\excel\records\SXNumRecord.hpp" />
    <ClInclude Include="oless\excel\records\SXPairRecord.hpp" />
    <ClInclude Include="oless\excel\records\SXPIExRecord.hpp" />
    <ClInclude Include="oless\excel\records\SXPIRecord.hpp" />
    <ClInclude Include="oless\excel\records\SXRngRecord.hpp" />
    <ClInclude Include="oless\excel\records\SxRuleRecord.hpp" />
    <ClInclude Include="oless\excel\records\SxSelectRecord.hpp" />
    <ClInclude Include="oless\excel\records\SXStreamIDRecord.hpp" />
    <ClInclude Include="oless\excel\records\SXStringRecord.hpp" />
    <ClInclude Include="oless\excel\records\SXTblRecord.hpp" />
    <ClInclude Include="oless\excel\records\SxTbpgRecord.hpp" />
    <ClInclude Include="oless\excel\records\SXTBRGIITMRecord.hpp" />
    <ClInclude Include="oless\excel\records\SXTHRecord.hpp" />
    <ClInclude Include="oless\excel\records\SXVDExRecord.hpp" />
    <ClInclude Include="oless\excel\records\SxvdRecord.hpp" />
    <ClInclude Include="oless\excel\records\SXVDTExRecord.hpp" />
    <ClInclude Include="oless\excel\records\SXViewEx9Record.hpp" />
    <ClInclude Include="oless\excel\records\SXViewExRecord.hpp" />
    <ClInclude Include="oless\excel\records\SXViewLinkRecord.hpp" />
    <ClInclude Include="oless\excel\records\SxViewRecord.hpp" />
    <ClInclude Include="oless\excel\records\SXVIRecord.hpp" />
    <ClInclude Include="oless\excel\records\SXVSRecord.hpp" />
    <ClInclude Include="oless\excel\records\SyncRecord.hpp" />
    <ClInclude Include="oless\excel\records\TableRecord.hpp" />
    <ClInclude Include="oless\excel\records\TableStyleElementRecord.hpp" />
    <ClInclude Include="oless\excel\records\TableStyleRecord.hpp" />
    <ClInclude Include="oless\excel\records\TableStylesRecord.hpp" />
    <ClInclude Include="oless\excel\records\TemplateRecord.hpp" />
    <ClInclude Include="oless\excel\records\TextPropsStreamRecord.hpp" />
    <ClInclude Include="oless\excel\records\TextRecord.hpp" />
    <ClInclude Include="oless\excel\records\ThemeRecord.hpp" />
    <ClInclude Include="oless\excel\records\TickRecord.hpp" />
    <ClInclude Include="oless\excel\records\TopMarginRecord.hpp" />
    <ClInclude Include="oless\excel\records\TxORecord.hpp" />
    <ClInclude Include="oless\excel\records\TxtQryRecord.hpp" />
    <ClInclude Include="oless\excel\records\UncalcedRecord.hpp" />
    <ClInclude Include="oless\excel\records\UnitsRecord.hpp" />
    <ClInclude Include="oless\excel\records\UserBViewRecord.hpp" />
    <ClInclude Include="oless\excel\records\UserSViewBegin_ChartRecord.hpp" />
    <ClInclude Include="oless\excel\records\UserSViewBeginRecord.hpp" />
    <ClInclude Include="oless\excel\records\UserSViewEndRecord.hpp" />
    <ClInclude Include="oless\excel\records\UsesELFsRecord.hpp" />
    <ClInclude Include="oless\excel\records\UsrChkRecord.hpp" />
    <ClInclude Include="oless\excel\records\UsrExclRecord.hpp" />
    <ClInclude Include="oless\excel\records\UsrInfoRecord.hpp" />
    <ClInclude Include="oless\excel\records\ValueRangeRecord.hpp" />
    <ClInclude Include="oless\excel\records\VCenterRecord.hpp" />
    <ClInclude Include="oless\excel\records\VerticalPageBreaksRecord.hpp" />
    <ClInclude Include="oless\excel\records\WebPubRecord.hpp" />
    <ClInclude Include="oless\excel\records\Window1Record.hpp" />
    <ClInclude Include="oless\excel\records\Window2Record.hpp" />
    <ClInclude Include="oless\excel\records\WinProtectRecord.hpp" />
    <ClInclude Include="oless\excel\records\WOptRecord.hpp" />
    <ClInclude Include="oless\excel\records\WriteAccessRecord.hpp" />
    <ClInclude Include="oless\excel\records\WriteProtectRecord.hpp" />
    <ClInclude Include="oless\excel\records\WsBoolRecord.hpp" />
    <ClInclude Include="oless\excel\records\XCTRecord.hpp" />
    <ClInclude Include="oless\excel\records\XFCRCRecord.hpp" />
    <ClInclude Include="oless\excel\records\XFExtRecord.hpp" />
    <ClInclude Include="oless\excel\records\XFRecord.hpp" />
    <ClInclude Include="oless\excel\records\YMultRecord.hpp" />
    <ClInclude Include="oless\excel\structures\FormatRun.hpp" />
    <ClInclude Include="oless\excel\ParseEngine.hpp" />
    <ClInclude Include="oless\excel\structures\Cell.hpp" />
    <ClInclude Include="oless\excel\structures\formulas\BErr.hpp" />
    <ClInclude Include="oless\excel\structures\formulas\PtgAttrSpaceType.hpp" />
    <ClInclude Include="oless\excel\structures\formulas\PtgDataType.hpp" />
    <ClInclude Include="oless\excel\structures\formulas\PtgExtraArray.hpp" />
    <ClInclude Include="oless\excel\structures\AddinUdf.hpp" />
    <ClInclude Include="oless\excel\structures\AF12CellIcon.hpp" />
    <ClInclude Include="oless\excel\structures\AF12Criteria.hpp" />
    <ClInclude Include="oless\excel\structures\AF12DateInfo.hpp" />
    <ClInclude Include="oless\excel\structures\AFDOper.hpp" />
    <ClInclude Include="oless\excel\structures\AFDOperBoolErr.hpp" />
    <ClInclude Include="oless\excel\structures\AFDOperRk.hpp" />
    <ClInclude Include="oless\excel\structures\AFDOperStr.hpp" />
    <ClInclude Include="oless\excel\structures\AutoFmt8.hpp" />
    <ClInclude Include="oless\excel\structures\Bes.hpp" />
    <ClInclude Include="oless\excel\structures\Bold.hpp" />
    <ClInclude Include="oless\excel\structures\BookExt_Conditional11.hpp" />
    <ClInclude Include="oless\excel\structures\BookExt_Conditional12.hpp" />
    <ClInclude Include="oless\excel\structures\Boolean.hpp" />
    <ClInclude Include="oless\excel\structures\BorderStyle.hpp" />
    <ClInclude Include="oless\excel\structures\BuiltInStyle.hpp" />
    <ClInclude Include="oless\excel\structures\CachedDiskHeader.hpp" />
    <ClInclude Include="oless\excel\structures\Cch255.hpp" />
    <ClInclude Include="oless\excel\structures\CellXF.hpp" />
    <ClInclude Include="oless\excel\structures\CFColor.hpp" />
    <ClInclude Include="oless\excel\structures\CFDatabar.hpp" />
    <ClInclude Include="oless\excel\structures\CFExAveragesTemplateParams.hpp" />
    <ClInclude Include="oless\excel\structures\CFExDateTemplateParams.hpp" />
    <ClInclude Include="oless\excel\structures\CFExDefaultTemplateParams.hpp" />
    <ClInclude Include="oless\excel\structures\CFExFilterParams.hpp" />
    <ClInclude Include="oless\excel\structures\CFExNonCF12.hpp" />
    <ClInclude Include="oless\excel\structures\CFExTemplateParams.hpp" />
    <ClInclude Include="oless\excel\structures\CFExTextTemplateParams.hpp" />
    <ClInclude Include="oless\excel\structures\CFFilter.hpp" />
    <ClInclude Include="oless\excel\structures\CFFlag.hpp" />
    <ClInclude Include="oless\excel\structures\CFGradient.hpp" />
    <ClInclude Include="oless\excel\structures\CFGradientInterpItem.hpp" />
    <ClInclude Include="oless\excel\structures\CFGradientItem.hpp" />
    <ClInclude Include="oless\excel\structures\CFMStateItem.hpp" />
    <ClInclude Include="oless\excel\structures\CFMultistate.hpp" />
    <ClInclude Include="oless\excel\structures\CFrtId.hpp" />
    <ClInclude Include="oless\excel\structures\CFT.hpp" />
    <ClInclude Include="oless\excel\structures\CFVO.hpp" />
    <ClInclude Include="oless\excel\structures\ChartNumNillable.hpp" />
    <ClInclude Include="oless\excel\structures\Col.hpp" />
    <ClInclude Include="oless\excel\structures\Col_NegativeOne.hpp" />
    <ClInclude Include="oless\excel\structures\Col12.hpp" />
    <ClInclude Include="oless\excel\structures\Col256U.hpp" />
    <ClInclude Include="oless\excel\structures\ColByte.hpp" />
    <ClInclude Include="oless\excel\structures\ColByteU.hpp" />
    <ClInclude Include="oless\excel\structures\ColElfU.hpp" />
    <ClInclude Include="oless\excel\structures\ColorICV.hpp" />
    <ClInclude Include="oless\excel\structures\ColorTheme.hpp" />
    <ClInclude Include="oless\excel\structures\ColRelNegU.hpp" />
    <ClInclude Include="oless\excel\structures\ColRelU.hpp" />
    <ClInclude Include="oless\excel\structures\ColSlco8U.hpp" />
    <ClInclude Include="oless\excel\structures\ColU.hpp" />
    <ClInclude Include="oless\excel\structures\Colx.hpp" />
    <ClInclude Include="oless\excel\structures\CondDataValue.hpp" />
    <ClInclude Include="oless\excel\structures\CondFmtStructure.hpp" />
    <ClInclude Include="oless\excel\structures\ConnGrbitDbt.hpp" />
    <ClInclude Include="oless\excel\structures\ConnGrbitDbtAdo.hpp" />
    <ClInclude Include="oless\excel\structures\ConnGrbitDbtOledb.hpp" />
    <ClInclude Include="oless\excel\structures\ConnGrbitDbtWeb.hpp" />
    <ClInclude Include="oless\excel\structures\ControlInfo.hpp" />
    <ClInclude Include="oless\excel\structures\CrtLayout12Mode.hpp" />
    <ClInclude Include="oless\excel\structures\DataFunctionalityLevel.hpp" />
    <ClInclude Include="oless\excel\structures\DataSourceType.hpp" />
    <ClInclude Include="oless\excel\structures\DateAsNum.hpp" />
    <ClInclude Include="oless\excel\structures\DateUnit.hpp" />
    <ClInclude Include="oless\excel\structures\DCol.hpp" />
    <ClInclude Include="oless\excel\structures\DColByteU.hpp" />
    <ClInclude Include="oless\excel\structures\DConFile.hpp" />
    <ClInclude Include="oless\excel\structures\DConnConnectionOleDb.hpp" />
    <ClInclude Include="oless\excel\structures\DConnConnectionWeb.hpp" />
    <ClInclude Include="oless\excel\structures\DConnId.hpp" />
    <ClInclude Include="oless\excel\structures\DConnParamBinding.hpp" />
    <ClInclude Include="oless\excel\structures\DConnParamBindingValByte.hpp" />
    <ClInclude Include="oless\excel\structures\DConnParamBindingValInt.hpp" />
    <ClInclude Include="oless\excel\structures\DConnParamBindingValString.hpp" />
    <ClInclude Include="oless\excel\structures\DConnParamBindingValType.hpp" />
    <ClInclude Include="oless\excel\structures\DConnParameter.hpp" />
    <ClInclude Include="oless\excel\structures\DConnStringSequence.hpp" />
    <ClInclude Include="oless\excel\structures\DConnUnicodeStringSegmented.hpp" />
    <ClInclude Include="oless\excel\structures\DJoin.hpp" />
    <ClInclude Include="oless\excel\structures\DRw.hpp" />
    <ClInclude Include="oless\excel\structures\DRwByteU.hpp" />
    <ClInclude Include="oless\excel\structures\Duce.hpp" />
    <ClInclude Include="oless\excel\structures\DuceRadical.hpp" />
    <ClInclude Include="oless\excel\structures\DuceStacked.hpp" />
    <ClInclude Include="oless\excel\structures\Ducr.hpp" />
    <ClInclude Include="oless\excel\structures\DucrConditionalLbl.hpp" />
    <ClInclude Include="oless\excel\structures\DucrConditionalNoLbl.hpp" />
    <ClInclude Include="oless\excel\structures\DwQsiFuture.hpp" />
    <ClInclude Include="oless\excel\structures\DXFALC.hpp" />
    <ClInclude Include="oless\excel\structures\DXFBdr.hpp" />
    <ClInclude Include="oless\excel\structures\DXFFntD.hpp" />
    <ClInclude Include="oless\excel\structures\DXFId.hpp" />
    <ClInclude Include="oless\excel\structures\DXFN.hpp" />
    <ClInclude Include="oless\excel\structures\DXFN12.hpp" />
    <ClInclude Include="oless\excel\structures\DXFN12List.hpp" />
    <ClInclude Include="oless\excel\structures\DXFN12NoCB.hpp" />
    <ClInclude Include="oless\excel\structures\DXFNum.hpp" />
    <ClInclude Include="oless\excel\structures\DXFNumIFmt.hpp" />
    <ClInclude Include="oless\excel\structures\DXFNumUsr.hpp" />
    <ClInclude Include="oless\excel\structures\DXFPat.hpp" />
    <ClInclude Include="oless\excel\structures\DXFProt.hpp" />
    <ClInclude Include="oless\excel\structures\EnhancedProtection.hpp" />
    <ClInclude Include="oless\excel\structures\ExternDdeLinkNoOper.hpp" />
    <ClInclude Include="oless\excel\structures\ExternDocName.hpp" />
    <ClInclude Include="oless\excel\structures\ExternOleDdeLink.hpp" />
    <ClInclude Include="oless\excel\structures\ExtProp.hpp" />
    <ClInclude Include="oless\excel\structures\ExtRst.hpp" />
    <ClInclude Include="oless\excel\structures\FactoidData.hpp" />
    <ClInclude Include="oless\excel\structures\Feat11CellStruct.hpp" />
    <ClInclude Include="oless\excel\structures\Feat11FdaAutoFilter.hpp" />
    <ClInclude Include="oless\excel\structures\Feat11FieldDataItem.hpp" />
    <ClInclude Include="oless\excel\structures\Feat11Fmla.hpp" />
    <ClInclude Include="oless\excel\structures\Feat11RgInvalidCells.hpp" />
    <ClInclude Include="oless\excel\structures\Feat11RgSharepointIdChange.hpp" />
    <ClInclude Include="oless\excel\structures\Feat11RgSharepointIdDel.hpp" />
    <ClInclude Include="oless\excel\structures\Feat11TotalFmla.hpp" />
    <ClInclude Include="oless\excel\structures\Feat11WSSListInfo.hpp" />
    <ClInclude Include="oless\excel\structures\Feat11XMap.hpp" />
    <ClInclude Include="oless\excel\structures\Feat11XMapEntry.hpp" />
    <ClInclude Include="oless\excel\structures\Feat11XMapEntry2.hpp" />
    <ClInclude Include="oless\excel\structures\FeatFormulaErr2.hpp" />
    <ClInclude Include="oless\excel\structures\FeatProtection.hpp" />
    <ClInclude Include="oless\excel\structures\FeatSmartTag.hpp" />
    <ClInclude Include="oless\excel\structures\FFErrorCheck.hpp" />
    <ClInclude Include="oless\excel\structures\FillPattern.hpp" />
    <ClInclude Include="oless\excel\structures\FillStylePropertiesForShapePropsStreamChecksum.hpp" />
    <ClInclude Include="oless\excel\structures\FontIndex.hpp" />
    <ClInclude Include="oless\excel\structures\FontInfo.hpp" />
    <ClInclude Include="oless\excel\structures\FontScheme.hpp" />
    <ClInclude Include="oless\excel\structures\FormulaValue.hpp" />
    <ClInclude Include="oless\excel\structures\FrtFlags.hpp" />
    <ClInclude Include="oless\excel\structures\FrtHeader.hpp" />
    <ClInclude Include="oless\excel\structures\FrtHeaderOld.hpp" />
    <ClInclude Include="oless\excel\structures\FrtRefHeader.hpp" />
    <ClInclude Include="oless\excel\structures\FrtRefHeaderNoGrbit.hpp" />
    <ClInclude Include="oless\excel\structures\FrtRefHeaderU.hpp" />
    <ClInclude Include="oless\excel\structures\FtCbls.hpp" />
    <ClInclude Include="oless\excel\structures\FtCblsData.hpp" />
    <ClInclude Include="oless\excel\structures\FtCf.hpp" />
    <ClInclude Include="oless\excel\structures\FtCmo.hpp" />
    <ClInclude Include="oless\excel\structures\FtEdoData.hpp" />
    <ClInclude Include="oless\excel\structures\FtGboData.hpp" />
    <ClInclude Include="oless\excel\structures\FtGmo.hpp" />
    <ClInclude Include="oless\excel\structures\FtLbsData.hpp" />
    <ClInclude Include="oless\excel\structures\FtMacro.hpp" />
    <ClInclude Include="oless\excel\structures\FtNts.hpp" />
    <ClInclude Include="oless\excel\structures\FtPictFmla.hpp" />
    <ClInclude Include="oless\excel\structures\FtPioGrbit.hpp" />
    <ClInclude Include="oless\excel\structures\FtRbo.hpp" />
    <ClInclude Include="oless\excel\structures\FtRboData.hpp" />
    <ClInclude Include="oless\excel\structures\FtSbs.hpp" />
    <ClInclude Include="oless\excel\structures\FullColorExt.hpp" />
    <ClInclude Include="oless\excel\structures\GradStop.hpp" />
    <ClInclude Include="oless\excel\structures\HiddenMemberSet.hpp" />
    <ClInclude Include="oless\excel\structures\HideObjEnum.hpp" />
    <ClInclude Include="oless\excel\structures\HorizAlign.hpp" />
    <ClInclude Include="oless\excel\structures\HorzBrk.hpp" />
    <ClInclude Include="oless\excel\structures\Icv.hpp" />
    <ClInclude Include="oless\excel\structures\IcvFont.hpp" />
    <ClInclude Include="oless\excel\structures\IcvXF.hpp" />
    <ClInclude Include="oless\excel\structures\IFmt.hpp" />
    <ClInclude Include="oless\excel\structures\InteriorColorPropertiesForShapePropsStreamChecksum.hpp" />
    <ClInclude Include="oless\excel\structures\ISSTInf.hpp" />
    <ClInclude Include="oless\excel\structures\IXFCell.hpp" />
    <ClInclude Include="oless\excel\structures\KPIProp.hpp" />
    <ClInclude Include="oless\excel\structures\KPISets.hpp" />
    <ClInclude Include="oless\excel\structures\LbsDropData.hpp" />
    <ClInclude Include="oless\excel\structures\LEMMode.hpp" />
    <ClInclude Include="oless\excel\structures\LinePropertiesForShapePropsStreamChecksum.hpp" />
    <ClInclude Include="oless\excel\structures\List12BlockLevel.hpp" />
    <ClInclude Include="oless\excel\structures\List12DisplayName.hpp" />
    <ClInclude Include="oless\excel\structures\List12TableStyleClientInfo.hpp" />
    <ClInclude Include="oless\excel\structures\LongRGB.hpp" />
    <ClInclude Include="oless\excel\structures\LongRGBA.hpp" />
    <ClInclude Include="oless\excel\structures\LPWideString.hpp" />
    <ClInclude Include="oless\excel\structures\MDir.hpp" />
    <ClInclude Include="oless\excel\structures\MDTInfoIndex.hpp" />
    <ClInclude Include="oless\excel\structures\MDXStrIndex.hpp" />
    <ClInclude Include="oless\excel\structures\MOper.hpp" />
    <ClInclude Include="oless\excel\structures\NilChartNum.hpp" />
    <ClInclude Include="oless\excel\structures\NoteRR.hpp" />
    <ClInclude Include="oless\excel\structures\NoteSh.hpp" />
    <ClInclude Include="oless\excel\structures\ObjFmla.hpp" />
    <ClInclude Include="oless\excel\structures\ObjId.hpp" />
    <ClInclude Include="oless\excel\structures\ObjLinkFmla.hpp" />
    <ClInclude Include="oless\excel\structures\ODBCType.hpp" />
    <ClInclude Include="oless\excel\structures\OfficeArtClientAnchorChart.hpp" />
    <ClInclude Include="oless\excel\structures\OfficeArtClientAnchorHF.hpp" />
    <ClInclude Include="oless\excel\structures\OfficeArtClientAnchorSheet.hpp" />
    <ClInclude Include="oless\excel\structures\OfficeArtClientData.hpp" />
    <ClInclude Include="oless\excel\structures\OfficeArtClientTextbox.hpp" />
    <ClInclude Include="oless\excel\structures\PaneType.hpp" />
    <ClInclude Include="oless\excel\structures\PARAMQRY_Fixed.hpp" />
    <ClInclude Include="oless\excel\structures\PBT.hpp" />
    <ClInclude Include="oless\excel\structures\PhRuns.hpp" />
    <ClInclude Include="oless\excel\structures\Phs.hpp" />
    <ClInclude Include="oless\excel\structures\PictFmlaEmbedInfo.hpp" />
    <ClInclude Include="oless\excel\structures\PictFmlaKey.hpp" />
    <ClInclude Include="oless\excel\structures\PivotCompProp.hpp" />
    <ClInclude Include="oless\excel\structures\PositionMode.hpp" />
    <ClInclude Include="oless\excel\structures\ReadingOrder.hpp" />
    <ClInclude Include="oless\excel\structures\Ref.hpp" />
    <ClInclude Include="oless\excel\structures\Ref8.hpp" />
    <ClInclude Include="oless\excel\structures\Ref8U.hpp" />
    <ClInclude Include="oless\excel\structures\Ref8U2007.hpp" />
    <ClInclude Include="oless\excel\structures\RefU.hpp" />
    <ClInclude Include="oless\excel\structures\RevisionType.hpp" />
    <ClInclude Include="oless\excel\structures\RFX.hpp" />
    <ClInclude Include="oless\excel\structures\RichTextStreamChecksumData.hpp" />
    <ClInclude Include="oless\excel\structures\RichTextStreamChecksumFontInformation.hpp" />
    <ClInclude Include="oless\excel\structures\RichTextStreamChecksumFontInformationArrayItem.hpp" />
    <ClInclude Include="oless\excel\structures\RkNumber.hpp" />
    <ClInclude Include="oless\excel\structures\RkRec.hpp" />
    <ClInclude Include="oless\excel\structures\RPHSSub.hpp" />
    <ClInclude Include="oless\excel\structures\RRD.hpp" />
    <ClInclude Include="oless\excel\structures\RRDDefNameFlags.hpp" />
    <ClInclude Include="oless\excel\structures\RRLoc.hpp" />
    <ClInclude Include="oless\excel\structures\RTDEItem.hpp" />
    <ClInclude Include="oless\excel\structures\RTDOper.hpp" />
    <ClInclude Include="oless\excel\structures\RTDOperStr.hpp" />
    <ClInclude Include="oless\excel\structures\Run.hpp" />
    <ClInclude Include="oless\excel\structures\Rw.hpp" />
    <ClInclude Include="oless\excel\structures\Rw12.hpp" />
    <ClInclude Include="oless\excel\structures\RwLongU.hpp" />
    <ClInclude Include="oless\excel\structures\RwU.hpp" />
    <ClInclude Include="oless\excel\structures\Rwx.hpp" />
    <ClInclude Include="oless\excel\structures\Script.hpp" />
    <ClInclude Include="oless\excel\structures\SD_SetSortOrder.hpp" />
    <ClInclude Include="oless\excel\structures\SDContainer.hpp" />
    <ClInclude Include="oless\excel\structures\SecurityDescriptor.hpp" />
    <ClInclude Include="oless\excel\structures\ShapePropsStreamChecksumData.hpp" />
    <ClInclude Include="oless\excel\structures\SharedFeatureType.hpp" />
    <ClInclude Include="oless\excel\structures\SheetExtOptional.hpp" />
    <ClInclude Include="oless\excel\structures\ShortDTR.hpp" />
    <ClInclude Include="oless\excel\structures\ShortXLUnicodeString.hpp" />
    <ClInclude Include="oless\excel\structures\SLCO8.hpp" />
    <ClInclude Include="oless\excel\structures\SortCond12.hpp" />
    <ClInclude Include="oless\excel\structures\SortItem.hpp" />
    <ClInclude Include="oless\excel\structures\SourceType.hpp" />
    <ClInclude Include="oless\excel\structures\SQElfFlags.hpp" />
    <ClInclude Include="oless\excel\structures\SqRef.hpp" />
    <ClInclude Include="oless\excel\structures\SqRefU.hpp" />
    <ClInclude Include="oless\excel\structures\Stxp.hpp" />
    <ClInclude Include="oless\excel\structures\StyleXF.hpp" />
    <ClInclude Include="oless\excel\structures\SXAddl_SXDEnd.hpp" />
    <ClInclude Include="oless\excel\structures\SXAddl_SXDVerUpdInv.hpp" />
    <ClInclude Include="oless\excel\structures\SXAddl_SXString.hpp" />
    <ClInclude Include="oless\excel\structures\SXAddlHdr.hpp" />
    <ClInclude Include="oless\excel\structures\SXAxis.hpp" />
    <ClInclude Include="oless\excel\structures\SXEZDoper.hpp" />
    <ClInclude Include="oless\excel\structures\SxFT.hpp" />
    <ClInclude Include="oless\excel\structures\SxIvdCol.hpp" />
    <ClInclude Include="oless\excel\structures\SxIvdRw.hpp" />
    <ClInclude Include="oless\excel\structures\SXLIItem.hpp" />
    <ClInclude Include="oless\excel\structures\SXPI_Item.hpp" />
    <ClInclude Include="oless\excel\structures\SXVDEx_Opt.hpp" />
    <ClInclude Include="oless\excel\structures\SXView9Save.hpp" />
    <ClInclude Include="oless\excel\structures\SXVIFlags.hpp" />
    <ClInclude Include="oless\excel\structures\TabId.hpp" />
    <ClInclude Include="oless\excel\structures\TabIndex.hpp" />
    <ClInclude Include="oless\excel\structures\TableFeatureType.hpp" />
    <ClInclude Include="oless\excel\structures\Tag_Fn_MDX.hpp" />
    <ClInclude Include="oless\excel\structures\TextPropsStreamChecksumData.hpp" />
    <ClInclude Include="oless\excel\structures\Top10FT.hpp" />
    <ClInclude Include="oless\excel\structures\Ts.hpp" />
    <ClInclude Include="oless\excel\structures\TxOLastRun.hpp" />
    <ClInclude Include="oless\excel\structures\TxORuns.hpp" />
    <ClInclude Include="oless\excel\structures\TxtWf.hpp" />
    <ClInclude Include="oless\excel\structures\Underline.hpp" />
    <ClInclude Include="oless\excel\structures\VertAlign.hpp" />
    <ClInclude Include="oless\excel\structures\VertBrk.hpp" />
    <ClInclude Include="oless\excel\structures\VirtualPath.hpp" />
    <ClInclude Include="oless\excel\structures\WebPubString.hpp" />
    <ClInclude Include="oless\excel\structures\XColorType.hpp" />
    <ClInclude Include="oless\excel\structures\XFExtGradient.hpp" />
    <ClInclude Include="oless\excel\structures\XFExtNoFRT.hpp" />
    <ClInclude Include="oless\excel\structures\XFIndex.hpp" />
    <ClInclude Include="oless\excel\structures\XFProp.hpp" />
    <ClInclude Include="oless\excel\structures\XFPropBorder.hpp" />
    <ClInclude Include="oless\excel\structures\XFPropColor.hpp" />
    <ClInclude Include="oless\excel\structures\XFPropGradient.hpp" />
    <ClInclude Include="oless\excel\structures\XFPropGradientStop.hpp" />
    <ClInclude Include="oless\excel\structures\XFProps.hpp" />
    <ClInclude Include="oless\excel\structures\XFPropTextRotation.hpp" />
    <ClInclude Include="oless\excel\structures\XLNameUnicodeString.hpp" />
    <ClInclude Include="oless\excel\structures\XlsFilter_Criteria.hpp" />
    <ClInclude Include="oless\excel\structures\XlsFilter_Top10.hpp" />
    <ClInclude Include="oless\excel\structures\XLUnicodeRichExtendedString.hpp" />
    <ClInclude Include="oless\excel\structures\XLUnicodeString.hpp" />
    <ClInclude Include="oless\excel\structures\XLUnicodeStringMin2.hpp" />
    <ClInclude Include="oless\excel\structures\XLUnicodeStringNoCch.hpp" />
    <ClInclude Include="oless\excel\structures\XLUnicodeStringSegmented.hpp" />
    <ClInclude Include="oless\excel\structures\XLUnicodeStringSegmentedRTD.hpp" />
    <ClInclude Include="oless\excel\structures\XLUnicodeStringSegmentedSXAddl.hpp" />
    <ClInclude Include="oless\excel\structures\XmlTkBackWallThicknessFrt.hpp" />
    <ClInclude Include="oless\excel\structures\XmlTkBaseTimeUnitFrt.hpp" />
    <ClInclude Include="oless\excel\structures\XmlTkBlob.hpp" />
    <ClInclude Include="oless\excel\structures\XmlTkBool.hpp" />
    <ClInclude Include="oless\excel\structures\XmlTkChain.hpp" />
    <ClInclude Include="oless\excel\structures\XmlTkColorMappingOverride.hpp" />
    <ClInclude Include="oless\excel\structures\XmlTkDispBlanksAsFrt.hpp" />
    <ClInclude Include="oless\excel\structures\XmlTkDouble.hpp" />
    <ClInclude Include="oless\excel\structures\XmlTkDWord.hpp" />
    <ClInclude Include="oless\excel\structures\XmlTkEnd.hpp" />
    <ClInclude Include="oless\excel\structures\XmlTkEndSurface.hpp" />
    <ClInclude Include="oless\excel\structures\XmlTkFloorThicknessFrt.hpp" />
    <ClInclude Include="oless\excel\structures\XmlTkFormatCodeFrt.hpp" />
    <ClInclude Include="oless\excel\structures\XmlTkHeader.hpp" />
    <ClInclude Include="oless\excel\structures\XmlTkHeightPercent.hpp" />
    <ClInclude Include="oless\excel\structures\XmlTkLogBaseFrt.hpp" />
    <ClInclude Include="oless\excel\structures\XmlTkMajorUnitFrt.hpp" />
    <ClInclude Include="oless\excel\structures\XmlTkMajorUnitTypeFrt.hpp" />
    <ClInclude Include="oless\excel\structures\XmlTkMaxFrt.hpp" />
    <ClInclude Include="oless\excel\structures\XmlTkMinFrt.hpp" />
    <ClInclude Include="oless\excel\structures\XmlTkMinorUnitFrt.hpp" />
    <ClInclude Include="oless\excel\structures\XmlTkMinorUnitTypeFrt.hpp" />
    <ClInclude Include="oless\excel\structures\XmlTkNoMultiLvlLbl.hpp" />
    <ClInclude Include="oless\excel\structures\XmlTkOverlay.hpp" />
    <ClInclude Include="oless\excel\structures\XmlTkPerspectiveFrt.hpp" />
    <ClInclude Include="oless\excel\structures\XmlTkPieComboFrom12Frt.hpp" />
    <ClInclude Include="oless\excel\structures\XmlTkRAngAxOffFrt.hpp" />
    <ClInclude Include="oless\excel\structures\XmlTkRotXFrt.hpp" />
    <ClInclude Include="oless\excel\structures\XmlTkRotYFrt.hpp" />
    <ClInclude Include="oless\excel\structures\XmlTkShowDLblsOverMax.hpp" />
    <ClInclude Include="oless\excel\structures\XmlTkSpb.hpp" />
    <ClInclude Include="oless\excel\structures\XmlTkStart.hpp" />
    <ClInclude Include="oless\excel\structures\XmlTkStartSurface.hpp" />
    <ClInclude Include="oless\excel\structures\XmlTkString.hpp" />
    <ClInclude Include="oless\excel\structures\XmlTkStyle.hpp" />
    <ClInclude Include="oless\excel\structures\XmlTkSymbolFrt.hpp" />
    <ClInclude Include="oless\excel\structures\XmlTkThemeOverride.hpp" />
    <ClInclude Include="oless\excel\structures\XmlTkTickLabelPositionFrt.hpp" />
    <ClInclude Include="oless\excel\structures\XmlTkTickLabelSkipFrt.hpp" />
    <ClInclude Include="oless\excel\structures\XmlTkTickMarkSkipFrt.hpp" />
    <ClInclude Include="oless\excel\structures\XmlTkToken.hpp" />
    <ClInclude Include="oless\excel\structures\XmlTkTpb.hpp" />
    <ClInclude Include="oless\excel\structures\Xnum.hpp" />
    <ClInclude Include="oless\excel\structures\XORObfuscation.hpp" />
    <ClInclude Include="oless\excel\structures\XTI.hpp" />
    <ClInclude Include="oless\excel\structures\formulas\helper.hpp" />
    <ClInclude Include="oless\excel\structures\formulas\Ptg.hpp" />
    <ClInclude Include="oless\excel\structures\formulas\ArrayParsedFormula.hpp" />
    <ClInclude Include="oless\excel\structures\formulas\CellParsedFormula.hpp" />
    <ClInclude Include="oless\excel\structures\formulas\CFParsedFormula.hpp" />
    <ClInclude Include="oless\excel\structures\formulas\CFParsedFormulaNoCCE.hpp" />
    <ClInclude Include="oless\excel\structures\formulas\CFVOParsedFormula.hpp" />
    <ClInclude Include="oless\excel\structures\formulas\ChartParsedFormula.hpp" />
    <ClInclude Include="oless\excel\structures\formulas\DVParsedFormula.hpp" />
    <ClInclude Include="oless\excel\structures\formulas\ExtNameParsedFormula.hpp" />
    <ClInclude Include="oless\excel\structures\formulas\ExtPtgArea3D.hpp" />
    <ClInclude Include="oless\excel\structures\formulas\ExtSheetPair.hpp" />
    <ClInclude Include="oless\excel\structures\formulas\ExtPtgRefErr3D.hpp" />
    <ClInclude Include="oless\excel\structures\formulas\ExtPtgRef3D.hpp" />
    <ClInclude Include="oless\excel\structures\formulas\ExtPtgErr.hpp" />
    <ClInclude Include="oless\excel\structures\formulas\ExtPtgAreaErr3D.hpp" />
    <ClInclude Include="oless\excel\structures\formulas\Ftab.hpp" />
    <ClInclude Include="oless\excel\structures\formulas\Ilel.hpp" />
    <ClInclude Include="oless\excel\structures\formulas\ListParsedArrayFormula.hpp" />
    <ClInclude Include="oless\excel\structures\formulas\ListParsedFormula.hpp" />
    <ClInclude Include="oless\excel\structures\formulas\NameParsedFormula.hpp" />
    <ClInclude Include="oless\excel\structures\formulas\ObjectParsedFormula.hpp" />
    <ClInclude Include="oless\excel\structures\formulas\ParameterParsedFormula.hpp" />
    <ClInclude Include="oless\excel\structures\formulas\PivotParsedFormula.hpp" />
    <ClInclude Include="oless\excel\structures\formulas\PtgAdd.hpp" />
    <ClInclude Include="oless\excel\structures\formulas\PtgArea.hpp" />
    <ClInclude Include="oless\excel\structures\formulas\PtgArea3d.hpp" />
    <ClInclude Include="oless\excel\structures\formulas\PtgAreaErr.hpp" />
    <ClInclude Include="oless\excel\structures\formulas\PtgAreaErr3d.hpp" />
    <ClInclude Include="oless\excel\structures\formulas\PtgAreaN.hpp" />
    <ClInclude Include="oless\excel\structures\formulas\PtgArray.hpp" />
    <ClInclude Include="oless\excel\structures\formulas\PtgAttrBaxcel.hpp" />
    <ClInclude Include="oless\excel\structures\formulas\PtgAttrChoose.hpp" />
    <ClInclude Include="oless\excel\structures\formulas\PtgAttrGoto.hpp" />
    <ClInclude Include="oless\excel\structures\formulas\PtgAttrIf.hpp" />
    <ClInclude Include="oless\excel\structures\formulas\PtgAttrSemi.hpp" />
    <ClInclude Include="oless\excel\structures\formulas\PtgAttrSpace.hpp" />
    <ClInclude Include="oless\excel\structures\formulas\PtgAttrSpaceSemi.hpp" />
    <ClInclude Include="oless\excel\structures\formulas\PtgAttrSum.hpp" />
    <ClInclude Include="oless\excel\structures\formulas\PtgBool.hpp" />
    <ClInclude Include="oless\excel\structures\formulas\PtgConcat.hpp" />
    <ClInclude Include="oless\excel\structures\formulas\PtgDiv.hpp" />
    <ClInclude Include="oless\excel\structures\formulas\PtgElfCol.hpp" />
    <ClInclude Include="oless\excel\structures\formulas\PtgElfColS.hpp" />
    <ClInclude Include="oless\excel\structures\formulas\PtgElfColSV.hpp" />
    <ClInclude Include="oless\excel\structures\formulas\PtgElfColV.hpp" />
    <ClInclude Include="oless\excel\structures\formulas\PtgElfLel.hpp" />
    <ClInclude Include="oless\excel\structures\formulas\PtgElfRadical.hpp" />
    <ClInclude Include="oless\excel\structures\formulas\PtgElfRadicalLel.hpp" />
    <ClInclude Include="oless\excel\structures\formulas\PtgElfRadicalS.hpp" />
    <ClInclude Include="oless\excel\structures\formulas\PtgElfRw.hpp" />
    <ClInclude Include="oless\excel\structures\formulas\PtgElfRwV.hpp" />
    <ClInclude Include="oless\excel\structures\formulas\PtgEq.hpp" />
    <ClInclude Include="oless\excel\structures\formulas\PtgErr.hpp" />
    <ClInclude Include="oless\excel\structures\formulas\PtgExp.hpp" />
    <ClInclude Include="oless\excel\structures\formulas\PtgExtraElf.hpp" />
    <ClInclude Include="oless\excel\structures\formulas\PtgExtraMem.hpp" />
    <ClInclude Include="oless\excel\structures\formulas\PtgFunc.hpp" />
    <ClInclude Include="oless\excel\structures\formulas\PtgFuncVar.hpp" />
    <ClInclude Include="oless\excel\structures\formulas\PtgGe.hpp" />
    <ClInclude Include="oless\excel\structures\formulas\PtgGt.hpp" />
    <ClInclude Include="oless\excel\structures\formulas\PtgInt.hpp" />
    <ClInclude Include="oless\excel\structures\formulas\PtgIsect.hpp" />
    <ClInclude Include="oless\excel\structures\formulas\PtgLe.hpp" />
    <ClInclude Include="oless\excel\structures\formulas\PtgLt.hpp" />
    <ClInclude Include="oless\excel\structures\formulas\PtgMemArea.hpp" />
    <ClInclude Include="oless\excel\structures\formulas\PtgMemErr.hpp" />
    <ClInclude Include="oless\excel\structures\formulas\PtgMemFunc.hpp" />
    <ClInclude Include="oless\excel\structures\formulas\PtgMemNoMem.hpp" />
    <ClInclude Include="oless\excel\structures\formulas\PtgMissArg.hpp" />
    <ClInclude Include="oless\excel\structures\formulas\PtgMul.hpp" />
    <ClInclude Include="oless\excel\structures\formulas\PtgName.hpp" />
    <ClInclude Include="oless\excel\structures\formulas\PtgNameX.hpp" />
    <ClInclude Include="oless\excel\structures\formulas\PtgNe.hpp" />
    <ClInclude Include="oless\excel\structures\formulas\PtgNum.hpp" />
    <ClInclude Include="oless\excel\structures\formulas\PtgParen.hpp" />
    <ClInclude Include="oless\excel\structures\formulas\PtgPercent.hpp" />
    <ClInclude Include="oless\excel\structures\formulas\PtgPower.hpp" />
    <ClInclude Include="oless\excel\structures\formulas\PtgRange.hpp" />
    <ClInclude Include="oless\excel\structures\formulas\PtgRef.hpp" />
    <ClInclude Include="oless\excel\structures\formulas\PtgRef3d.hpp" />
    <ClInclude Include="oless\excel\structures\formulas\PtgRefErr.hpp" />
    <ClInclude Include="oless\excel\structures\formulas\PtgRefErr3d.hpp" />
    <ClInclude Include="oless\excel\structures\formulas\PtgRefN.hpp" />
    <ClInclude Include="oless\excel\structures\formulas\PtgStr.hpp" />
    <ClInclude Include="oless\excel\structures\formulas\PtgSub.hpp" />
    <ClInclude Include="oless\excel\structures\formulas\PtgSxName.hpp" />
    <ClInclude Include="oless\excel\structures\formulas\PtgTbl.hpp" />
    <ClInclude Include="oless\excel\structures\formulas\PtgUminus.hpp" />
    <ClInclude Include="oless\excel\structures\formulas\PtgUnion.hpp" />
    <ClInclude Include="oless\excel\structures\formulas\PtgUplus.hpp" />
    <ClInclude Include="oless\excel\structures\formulas\RevExtern.hpp" />
    <ClInclude Include="oless\excel\structures\formulas\RevItab.hpp" />
    <ClInclude Include="oless\excel\structures\formulas\RevLblName.hpp" />
    <ClInclude Include="oless\excel\structures\formulas\RevName.hpp" />
    <ClInclude Include="oless\excel\structures\formulas\RevNamePly.hpp" />
    <ClInclude Include="oless\excel\structures\formulas\RevNameTabid.hpp" />
    <ClInclude Include="oless\excel\structures\formulas\RevSheetName.hpp" />
    <ClInclude Include="oless\excel\structures\formulas\RgbExtra.hpp" />
    <ClInclude Include="oless\excel\structures\formulas\Rgce.hpp" />
    <ClInclude Include="oless\excel\structures\formulas\RgceArea.hpp" />
    <ClInclude Include="oless\excel\structures\formulas\RgceAreaRel.hpp" />
    <ClInclude Include="oless\excel\structures\formulas\RgceElfLoc.hpp" />
    <ClInclude Include="oless\excel\structures\formulas\RgceElfLocExtra.hpp" />
    <ClInclude Include="oless\excel\structures\formulas\RgceLoc.hpp" />
    <ClInclude Include="oless\excel\structures\formulas\RgceLoc8.hpp" />
    <ClInclude Include="oless\excel\structures\formulas\RgceLocRel.hpp" />
    <ClInclude Include="oless\excel\structures\formulas\SerAr.hpp" />
    <ClInclude Include="oless\excel\structures\formulas\SerBool.hpp" />
    <ClInclude Include="oless\excel\structures\formulas\SerErr.hpp" />
    <ClInclude Include="oless\excel\structures\formulas\SerNil.hpp" />
    <ClInclude Include="oless\excel\structures\formulas\SerNum.hpp" />
    <ClInclude Include="oless\excel\structures\formulas\SerStr.hpp" />
    <ClInclude Include="oless\excel\structures\formulas\SharedParsedFormula.hpp" />
    <ClInclude Include="oless\excel\structures\formulas\XtiIndex.hpp" />
    <ClInclude Include="oless\excel\structures\formulas\Ptgs.hpp" />
    <ClInclude Include="oless\excel\IParsable.hpp" />
    <ClInclude Include="oless\excel\structures\formulas\ParsedFormulaBase.hpp" />
    <ClInclude Include="oless\pole.h">
      <Filter>oless</Filter>
    </ClInclude>
    <ClInclude Include="oless\excel\structures\formulas\FormulaHeader.hpp" />
    <ClInclude Include="oless\excel\records\BoundSheet5Record.hpp" />
  </ItemGroup>
</Project>