<?xml version="1.0" encoding="utf-8"?>
<Project ToolsVersion="4.0" xmlns="http://schemas.microsoft.com/developer/msbuild/2003">
  <ItemGroup>
    <Filter Include="oless">
      <UniqueIdentifier>{a83af924-5f63-4310-868c-1ffeae2021e2}</UniqueIdentifier>
    </Filter>
    <Filter Include="exe">
      <UniqueIdentifier>{40d19bb7-551e-4b43-8a4a-64714606191a}</UniqueIdentifier>
    </Filter>
    <Filter Include="mp4">
      <UniqueIdentifier>{5526c9a3-a519-463b-b27e-e5cf0ba9994b}</UniqueIdentifier>
    </Filter>
    <Filter Include="oless\excel">
      <UniqueIdentifier>{267b42d6-ca52-4914-b047-ef77f7f82b36}</UniqueIdentifier>
    </Filter>
    <Filter Include="oless\excel\records">
      <UniqueIdentifier>{72908687-035e-4c4c-b922-c5e3eb445065}</UniqueIdentifier>
    </Filter>
    <Filter Include="zip">
      <UniqueIdentifier>{d3a9e242-c4ad-49f5-b41b-c3d0ffa6e08d}</UniqueIdentifier>
    </Filter>
  </ItemGroup>
  <ItemGroup>
    <ClCompile Include="oless\pole.cpp">
      <Filter>oless</Filter>
    </ClCompile>
    <ClCompile Include="fileid.cpp" />
  </ItemGroup>
  <ItemGroup>
    <ClInclude Include="exe\Exec.hpp">
      <Filter>exe</Filter>
    </ClInclude>
    <ClInclude Include="oless\MSExcel.hpp">
      <Filter>oless</Filter>
    </ClInclude>
    <ClInclude Include="oless\MSPowerPoint.hpp">
      <Filter>oless</Filter>
    </ClInclude>
    <ClInclude Include="oless\MSPublisher.hpp">
      <Filter>oless</Filter>
    </ClInclude>
    <ClInclude Include="oless\MSVisio.hpp">
      <Filter>oless</Filter>
    </ClInclude>
    <ClInclude Include="oless\MSWord.hpp">
      <Filter>oless</Filter>
    </ClInclude>
    <ClInclude Include="oless\OleCommon.hpp">
      <Filter>oless</Filter>
    </ClInclude>
    <ClInclude Include="oless\oless.hpp">
      <Filter>oless</Filter>
    </ClInclude>
    <ClInclude Include="oless\olessoffice.hpp">
      <Filter>oless</Filter>
    </ClInclude>
    <ClInclude Include="oless\pole.h">
      <Filter>oless</Filter>
    </ClInclude>
    <ClInclude Include="oless\vbahelper.hpp">
      <Filter>oless</Filter>
    </ClInclude>
    <ClInclude Include="zip\ziphelper.hpp">
      <Filter>zip</Filter>
    </ClInclude>
    <ClInclude Include="common.hpp" />
    <ClInclude Include="details.hpp" />
    <ClInclude Include="magic.h" />
    <ClInclude Include="oless\WordPerfect.hpp" />
    <ClInclude Include="unknown.hpp" />
    <ClInclude Include="oless\propset\DocumentSummary.hpp">
      <Filter>oless</Filter>
    </ClInclude>
    <ClInclude Include="oless\propset\FormatId.hpp" />
    <ClInclude Include="oless\propset\PropertyIdentifier.hpp" />
    <ClInclude Include="oless\propset\PropertyType.hpp" />
    <ClInclude Include="oless\propset\Property.hpp" />
    <ClInclude Include="media\mp4\mp4.hpp">
      <Filter>mp4</Filter>
    </ClInclude>
    <ClInclude Include="media\asf\asf.hpp" />
    <ClInclude Include="document\wp\wordperfect.hpp" />
    <ClInclude Include="document\dwg\autocad.hpp" />
    <ClInclude Include="media\riff\riff.hpp" />
    <ClInclude Include="media\jpeg.hpp" />
  </ItemGroup>
</Project>